PODS:
  - AFNetworking (1.3.4)
  - AFOAuth1Client (0.3.1):
    - AFNetworking (~> 1.3)
  - Expecta (0.3.0)
  - OCMock (2.2.4)
  - OHHTTPStubs (3.1.0)
  - SSKeychain (1.2.0)
  - XNGAPIClient (0.2.1):
    - XNGAPIClient/Core
  - XNGAPIClient/Core (0.2.1):
    - AFNetworking (~> 1.3.0)
    - AFOAuth1Client (= 0.3.1)
    - SSKeychain (= 1.2.0)

DEPENDENCIES:
  - Expecta
  - OCMock
  - OHHTTPStubs (= 3.1.0)
  - XNGAPIClient (from `../XNGAPIClient.podspec`)

EXTERNAL SOURCES:
  XNGAPIClient:
    :path: ../XNGAPIClient.podspec

SPEC CHECKSUMS:
  AFNetworking: 4d3b072814ab9eb7b3b365119980f5be85eb8aed
  AFOAuth1Client: 926178b6a715e604c9852ddd47b9e8bb598dc9f8
  Expecta: c541e158fd0705914ab2fb63e5bee136d0ef8edf
  OCMock: 845082e1b2d208a8ee1ebb67ec2f1fa9533a5785
  OHHTTPStubs: 486b9435c76fd459a40c1e4b98882af2b1c7d462
  SSKeychain: cd8b219342f4350f005c2fc4a97f8f81754785ad
  XNGAPIClient: 8692431b7ec33476390ee4ac00afac4abfe9fef0

COCOAPODS: 0.32.1
