<?xml version="1.0" encoding="UTF-8"?>
<!DOCTYPE plist PUBLIC "-//Apple//DTD PLIST 1.0//EN" "http://www.apple.com/DTDs/PropertyList-1.0.dtd">
<plist version="1.0">
<dict>
	<key>archiveVersion</key>
	<string>1</string>
	<key>classes</key>
	<dict/>
	<key>objectVersion</key>
	<string>46</string>
	<key>objects</key>
	<dict>
		<key>42DB8AC7602C42D2A5D39BB8</key>
		<dict>
			<key>explicitFileType</key>
			<string>archive.ar</string>
			<key>includeInIndex</key>
			<string>0</string>
			<key>isa</key>
			<string>PBXFileReference</string>
			<key>path</key>
			<string>libPods.a</string>
			<key>sourceTree</key>
			<string>BUILT_PRODUCTS_DIR</string>
		</dict>
		<key>8E32E9DB182A4D22004BAD3A</key>
		<dict>
			<key>children</key>
			<array>
				<string>8E32E9ED182A4D22004BAD3A</string>
				<string>8E32EA06182A4D22004BAD3A</string>
				<string>8E32E9E6182A4D22004BAD3A</string>
				<string>8E32E9E5182A4D22004BAD3A</string>
				<string>BC5BE4A1E5A74365898173CC</string>
			</array>
			<key>isa</key>
			<string>PBXGroup</string>
			<key>sourceTree</key>
			<string>&lt;group&gt;</string>
		</dict>
		<key>8E32E9DC182A4D22004BAD3A</key>
		<dict>
			<key>attributes</key>
			<dict>
				<key>CLASSPREFIX</key>
				<string>XNG</string>
				<key>LastUpgradeCheck</key>
				<string>0500</string>
				<key>ORGANIZATIONNAME</key>
				<string>XING AG</string>
				<key>TargetAttributes</key>
				<dict>
					<key>8E32E9FE182A4D22004BAD3A</key>
					<dict>
						<key>TestTargetID</key>
						<string>8E32E9E3182A4D22004BAD3A</string>
					</dict>
				</dict>
			</dict>
			<key>buildConfigurationList</key>
			<string>8E32E9DF182A4D22004BAD3A</string>
			<key>compatibilityVersion</key>
			<string>Xcode 3.2</string>
			<key>developmentRegion</key>
			<string>English</string>
			<key>hasScannedForEncodings</key>
			<string>0</string>
			<key>isa</key>
			<string>PBXProject</string>
			<key>knownRegions</key>
			<array>
				<string>en</string>
			</array>
			<key>mainGroup</key>
			<string>8E32E9DB182A4D22004BAD3A</string>
			<key>productRefGroup</key>
			<string>8E32E9E5182A4D22004BAD3A</string>
			<key>projectDirPath</key>
			<string></string>
			<key>projectReferences</key>
			<array/>
			<key>projectRoot</key>
			<string></string>
			<key>targets</key>
			<array>
				<string>8E32E9E3182A4D22004BAD3A</string>
				<string>8E32E9FE182A4D22004BAD3A</string>
			</array>
		</dict>
		<key>8E32E9DF182A4D22004BAD3A</key>
		<dict>
			<key>buildConfigurations</key>
			<array>
				<string>8E32EA0E182A4D22004BAD3A</string>
				<string>8E32EA0F182A4D22004BAD3A</string>
			</array>
			<key>defaultConfigurationIsVisible</key>
			<string>0</string>
			<key>defaultConfigurationName</key>
			<string>Release</string>
			<key>isa</key>
			<string>XCConfigurationList</string>
		</dict>
		<key>8E32E9E0182A4D22004BAD3A</key>
		<dict>
			<key>buildActionMask</key>
			<string>2147483647</string>
			<key>files</key>
			<array>
				<string>8E32E9F8182A4D22004BAD3A</string>
				<string>8E32E9F4182A4D22004BAD3A</string>
			</array>
			<key>isa</key>
			<string>PBXSourcesBuildPhase</string>
			<key>runOnlyForDeploymentPostprocessing</key>
			<string>0</string>
		</dict>
		<key>8E32E9E1182A4D22004BAD3A</key>
		<dict>
			<key>buildActionMask</key>
			<string>2147483647</string>
			<key>files</key>
			<array>
				<string>8E32E9EA182A4D22004BAD3A</string>
				<string>8E32E9EC182A4D22004BAD3A</string>
				<string>8E32E9E8182A4D22004BAD3A</string>
			</array>
			<key>isa</key>
			<string>PBXFrameworksBuildPhase</string>
			<key>runOnlyForDeploymentPostprocessing</key>
			<string>0</string>
		</dict>
		<key>8E32E9E2182A4D22004BAD3A</key>
		<dict>
			<key>buildActionMask</key>
			<string>2147483647</string>
			<key>files</key>
			<array>
				<string>8E32E9F2182A4D22004BAD3A</string>
				<string>8E32E9FA182A4D22004BAD3A</string>
			</array>
			<key>isa</key>
			<string>PBXResourcesBuildPhase</string>
			<key>runOnlyForDeploymentPostprocessing</key>
			<string>0</string>
		</dict>
		<key>8E32E9E3182A4D22004BAD3A</key>
		<dict>
			<key>buildConfigurationList</key>
			<string>8E32EA10182A4D22004BAD3A</string>
			<key>buildPhases</key>
			<array>
				<string>8E32E9E0182A4D22004BAD3A</string>
				<string>8E32E9E1182A4D22004BAD3A</string>
				<string>8E32E9E2182A4D22004BAD3A</string>
			</array>
			<key>buildRules</key>
			<array/>
			<key>dependencies</key>
			<array/>
			<key>isa</key>
			<string>PBXNativeTarget</string>
			<key>name</key>
			<string>XINGAPIClient Tests</string>
			<key>productName</key>
			<string>XINGAPIClient Tests</string>
			<key>productReference</key>
			<string>8E32E9E4182A4D22004BAD3A</string>
			<key>productType</key>
			<string>com.apple.product-type.application</string>
		</dict>
		<key>8E32E9E4182A4D22004BAD3A</key>
		<dict>
			<key>explicitFileType</key>
			<string>wrapper.application</string>
			<key>includeInIndex</key>
			<string>0</string>
			<key>isa</key>
			<string>PBXFileReference</string>
			<key>path</key>
			<string>XINGAPIClient Tests.app</string>
			<key>sourceTree</key>
			<string>BUILT_PRODUCTS_DIR</string>
		</dict>
		<key>8E32E9E5182A4D22004BAD3A</key>
		<dict>
			<key>children</key>
			<array>
				<string>8E32E9E4182A4D22004BAD3A</string>
				<string>8E32E9FF182A4D22004BAD3A</string>
			</array>
			<key>isa</key>
			<string>PBXGroup</string>
			<key>name</key>
			<string>Products</string>
			<key>sourceTree</key>
			<string>&lt;group&gt;</string>
		</dict>
		<key>8E32E9E6182A4D22004BAD3A</key>
		<dict>
			<key>children</key>
			<array>
				<string>8E32E9E7182A4D22004BAD3A</string>
				<string>8E32E9E9182A4D22004BAD3A</string>
				<string>8E32E9EB182A4D22004BAD3A</string>
				<string>8E32EA00182A4D22004BAD3A</string>
				<string>42DB8AC7602C42D2A5D39BB8</string>
			</array>
			<key>isa</key>
			<string>PBXGroup</string>
			<key>name</key>
			<string>Frameworks</string>
			<key>sourceTree</key>
			<string>&lt;group&gt;</string>
		</dict>
		<key>8E32E9E7182A4D22004BAD3A</key>
		<dict>
			<key>isa</key>
			<string>PBXFileReference</string>
			<key>lastKnownFileType</key>
			<string>wrapper.framework</string>
			<key>name</key>
			<string>Foundation.framework</string>
			<key>path</key>
			<string>System/Library/Frameworks/Foundation.framework</string>
			<key>sourceTree</key>
			<string>SDKROOT</string>
		</dict>
		<key>8E32E9E8182A4D22004BAD3A</key>
		<dict>
			<key>fileRef</key>
			<string>8E32E9E7182A4D22004BAD3A</string>
			<key>isa</key>
			<string>PBXBuildFile</string>
		</dict>
		<key>8E32E9E9182A4D22004BAD3A</key>
		<dict>
			<key>isa</key>
			<string>PBXFileReference</string>
			<key>lastKnownFileType</key>
			<string>wrapper.framework</string>
			<key>name</key>
			<string>CoreGraphics.framework</string>
			<key>path</key>
			<string>System/Library/Frameworks/CoreGraphics.framework</string>
			<key>sourceTree</key>
			<string>SDKROOT</string>
		</dict>
		<key>8E32E9EA182A4D22004BAD3A</key>
		<dict>
			<key>fileRef</key>
			<string>8E32E9E9182A4D22004BAD3A</string>
			<key>isa</key>
			<string>PBXBuildFile</string>
		</dict>
		<key>8E32E9EB182A4D22004BAD3A</key>
		<dict>
			<key>isa</key>
			<string>PBXFileReference</string>
			<key>lastKnownFileType</key>
			<string>wrapper.framework</string>
			<key>name</key>
			<string>UIKit.framework</string>
			<key>path</key>
			<string>System/Library/Frameworks/UIKit.framework</string>
			<key>sourceTree</key>
			<string>SDKROOT</string>
		</dict>
		<key>8E32E9EC182A4D22004BAD3A</key>
		<dict>
			<key>fileRef</key>
			<string>8E32E9EB182A4D22004BAD3A</string>
			<key>isa</key>
			<string>PBXBuildFile</string>
		</dict>
		<key>8E32E9ED182A4D22004BAD3A</key>
		<dict>
			<key>children</key>
			<array>
				<string>8E32E9F6182A4D22004BAD3A</string>
				<string>8E32E9F7182A4D22004BAD3A</string>
				<string>8E32E9F9182A4D22004BAD3A</string>
				<string>8E32E9EE182A4D22004BAD3A</string>
			</array>
			<key>isa</key>
			<string>PBXGroup</string>
			<key>path</key>
			<string>XINGAPIClient Tests</string>
			<key>sourceTree</key>
			<string>&lt;group&gt;</string>
		</dict>
		<key>8E32E9EE182A4D22004BAD3A</key>
		<dict>
			<key>children</key>
			<array>
				<string>8E32E9EF182A4D22004BAD3A</string>
				<string>8E32E9F0182A4D22004BAD3A</string>
				<string>8E32E9F3182A4D22004BAD3A</string>
				<string>8E32E9F5182A4D22004BAD3A</string>
			</array>
			<key>isa</key>
			<string>PBXGroup</string>
			<key>name</key>
			<string>Supporting Files</string>
			<key>sourceTree</key>
			<string>&lt;group&gt;</string>
		</dict>
		<key>8E32E9EF182A4D22004BAD3A</key>
		<dict>
			<key>isa</key>
			<string>PBXFileReference</string>
			<key>lastKnownFileType</key>
			<string>text.plist.xml</string>
			<key>path</key>
			<string>XINGAPIClient Tests-Info.plist</string>
			<key>sourceTree</key>
			<string>&lt;group&gt;</string>
		</dict>
		<key>8E32E9F0182A4D22004BAD3A</key>
		<dict>
			<key>children</key>
			<array>
				<string>8E32E9F1182A4D22004BAD3A</string>
			</array>
			<key>isa</key>
			<string>PBXVariantGroup</string>
			<key>name</key>
			<string>InfoPlist.strings</string>
			<key>sourceTree</key>
			<string>&lt;group&gt;</string>
		</dict>
		<key>8E32E9F1182A4D22004BAD3A</key>
		<dict>
			<key>isa</key>
			<string>PBXFileReference</string>
			<key>lastKnownFileType</key>
			<string>text.plist.strings</string>
			<key>name</key>
			<string>en</string>
			<key>path</key>
			<string>en.lproj/InfoPlist.strings</string>
			<key>sourceTree</key>
			<string>&lt;group&gt;</string>
		</dict>
		<key>8E32E9F2182A4D22004BAD3A</key>
		<dict>
			<key>fileRef</key>
			<string>8E32E9F0182A4D22004BAD3A</string>
			<key>isa</key>
			<string>PBXBuildFile</string>
		</dict>
		<key>8E32E9F3182A4D22004BAD3A</key>
		<dict>
			<key>isa</key>
			<string>PBXFileReference</string>
			<key>lastKnownFileType</key>
			<string>sourcecode.c.objc</string>
			<key>path</key>
			<string>main.m</string>
			<key>sourceTree</key>
			<string>&lt;group&gt;</string>
		</dict>
		<key>8E32E9F4182A4D22004BAD3A</key>
		<dict>
			<key>fileRef</key>
			<string>8E32E9F3182A4D22004BAD3A</string>
			<key>isa</key>
			<string>PBXBuildFile</string>
		</dict>
		<key>8E32E9F5182A4D22004BAD3A</key>
		<dict>
			<key>isa</key>
			<string>PBXFileReference</string>
			<key>lastKnownFileType</key>
			<string>sourcecode.c.h</string>
			<key>path</key>
			<string>XINGAPIClient Tests-Prefix.pch</string>
			<key>sourceTree</key>
			<string>&lt;group&gt;</string>
		</dict>
		<key>8E32E9F6182A4D22004BAD3A</key>
		<dict>
			<key>isa</key>
			<string>PBXFileReference</string>
			<key>lastKnownFileType</key>
			<string>sourcecode.c.h</string>
			<key>path</key>
			<string>XNGAppDelegate.h</string>
			<key>sourceTree</key>
			<string>&lt;group&gt;</string>
		</dict>
		<key>8E32E9F7182A4D22004BAD3A</key>
		<dict>
			<key>isa</key>
			<string>PBXFileReference</string>
			<key>lastKnownFileType</key>
			<string>sourcecode.c.objc</string>
			<key>path</key>
			<string>XNGAppDelegate.m</string>
			<key>sourceTree</key>
			<string>&lt;group&gt;</string>
		</dict>
		<key>8E32E9F8182A4D22004BAD3A</key>
		<dict>
			<key>fileRef</key>
			<string>8E32E9F7182A4D22004BAD3A</string>
			<key>isa</key>
			<string>PBXBuildFile</string>
		</dict>
		<key>8E32E9F9182A4D22004BAD3A</key>
		<dict>
			<key>isa</key>
			<string>PBXFileReference</string>
			<key>lastKnownFileType</key>
			<string>folder.assetcatalog</string>
			<key>path</key>
			<string>Images.xcassets</string>
			<key>sourceTree</key>
			<string>&lt;group&gt;</string>
		</dict>
		<key>8E32E9FA182A4D22004BAD3A</key>
		<dict>
			<key>fileRef</key>
			<string>8E32E9F9182A4D22004BAD3A</string>
			<key>isa</key>
			<string>PBXBuildFile</string>
		</dict>
		<key>8E32E9FB182A4D22004BAD3A</key>
		<dict>
			<key>buildActionMask</key>
			<string>2147483647</string>
			<key>files</key>
			<array>
				<string>8E32EA0D182A4D22004BAD3A</string>
			</array>
			<key>isa</key>
			<string>PBXSourcesBuildPhase</string>
			<key>runOnlyForDeploymentPostprocessing</key>
			<string>0</string>
		</dict>
		<key>8E32E9FC182A4D22004BAD3A</key>
		<dict>
			<key>buildActionMask</key>
			<string>2147483647</string>
			<key>files</key>
			<array>
				<string>8E32EA01182A4D22004BAD3A</string>
				<string>8E32EA03182A4D22004BAD3A</string>
				<string>8E32EA02182A4D22004BAD3A</string>
				<string>E28CC82A6531418D8DA6491F</string>
			</array>
			<key>isa</key>
			<string>PBXFrameworksBuildPhase</string>
			<key>runOnlyForDeploymentPostprocessing</key>
			<string>0</string>
		</dict>
		<key>8E32E9FD182A4D22004BAD3A</key>
		<dict>
			<key>buildActionMask</key>
			<string>2147483647</string>
			<key>files</key>
			<array>
				<string>8E32EA0B182A4D22004BAD3A</string>
			</array>
			<key>isa</key>
			<string>PBXResourcesBuildPhase</string>
			<key>runOnlyForDeploymentPostprocessing</key>
			<string>0</string>
		</dict>
		<key>8E32E9FE182A4D22004BAD3A</key>
		<dict>
			<key>buildConfigurationList</key>
			<string>8E32EA13182A4D22004BAD3A</string>
			<key>buildPhases</key>
			<array>
				<string>90E108B42FF348EBA8B0FACC</string>
				<string>8E32E9FB182A4D22004BAD3A</string>
				<string>8E32E9FC182A4D22004BAD3A</string>
				<string>8E32E9FD182A4D22004BAD3A</string>
				<string>FA25EFD00BFB4FF78B6D4323</string>
			</array>
			<key>buildRules</key>
			<array/>
			<key>dependencies</key>
			<array>
				<string>8E32EA05182A4D22004BAD3A</string>
			</array>
			<key>isa</key>
			<string>PBXNativeTarget</string>
			<key>name</key>
			<string>iOS Tests</string>
			<key>productName</key>
			<string>XINGAPIClient TestsTests</string>
			<key>productReference</key>
			<string>8E32E9FF182A4D22004BAD3A</string>
			<key>productType</key>
			<string>com.apple.product-type.bundle.unit-test</string>
		</dict>
		<key>8E32E9FF182A4D22004BAD3A</key>
		<dict>
			<key>explicitFileType</key>
			<string>wrapper.cfbundle</string>
			<key>includeInIndex</key>
			<string>0</string>
			<key>isa</key>
			<string>PBXFileReference</string>
			<key>path</key>
			<string>XINGAPIClient TestsTests.xctest</string>
			<key>sourceTree</key>
			<string>BUILT_PRODUCTS_DIR</string>
		</dict>
		<key>8E32EA00182A4D22004BAD3A</key>
		<dict>
			<key>isa</key>
			<string>PBXFileReference</string>
			<key>lastKnownFileType</key>
			<string>wrapper.framework</string>
			<key>name</key>
			<string>XCTest.framework</string>
			<key>path</key>
			<string>Library/Frameworks/XCTest.framework</string>
			<key>sourceTree</key>
			<string>DEVELOPER_DIR</string>
		</dict>
		<key>8E32EA01182A4D22004BAD3A</key>
		<dict>
			<key>fileRef</key>
			<string>8E32EA00182A4D22004BAD3A</string>
			<key>isa</key>
			<string>PBXBuildFile</string>
		</dict>
		<key>8E32EA02182A4D22004BAD3A</key>
		<dict>
			<key>fileRef</key>
			<string>8E32E9E7182A4D22004BAD3A</string>
			<key>isa</key>
			<string>PBXBuildFile</string>
		</dict>
		<key>8E32EA03182A4D22004BAD3A</key>
		<dict>
			<key>fileRef</key>
			<string>8E32E9EB182A4D22004BAD3A</string>
			<key>isa</key>
			<string>PBXBuildFile</string>
		</dict>
		<key>8E32EA04182A4D22004BAD3A</key>
		<dict>
			<key>containerPortal</key>
			<string>8E32E9DC182A4D22004BAD3A</string>
			<key>isa</key>
			<string>PBXContainerItemProxy</string>
			<key>proxyType</key>
			<string>1</string>
			<key>remoteGlobalIDString</key>
			<string>8E32E9E3182A4D22004BAD3A</string>
			<key>remoteInfo</key>
			<string>XINGAPIClient Tests</string>
		</dict>
		<key>8E32EA05182A4D22004BAD3A</key>
		<dict>
			<key>isa</key>
			<string>PBXTargetDependency</string>
			<key>target</key>
			<string>8E32E9E3182A4D22004BAD3A</string>
			<key>targetProxy</key>
			<string>8E32EA04182A4D22004BAD3A</string>
		</dict>
		<key>8E32EA06182A4D22004BAD3A</key>
		<dict>
			<key>children</key>
			<array>
				<string>8E32EA0C182A4D22004BAD3A</string>
				<string>8E32EA07182A4D22004BAD3A</string>
			</array>
			<key>isa</key>
			<string>PBXGroup</string>
			<key>path</key>
			<string>XINGAPIClient TestsTests</string>
			<key>sourceTree</key>
			<string>&lt;group&gt;</string>
		</dict>
		<key>8E32EA07182A4D22004BAD3A</key>
		<dict>
			<key>children</key>
			<array>
				<string>8E32EA08182A4D22004BAD3A</string>
				<string>8E32EA09182A4D22004BAD3A</string>
			</array>
			<key>isa</key>
			<string>PBXGroup</string>
			<key>name</key>
			<string>Supporting Files</string>
			<key>sourceTree</key>
			<string>&lt;group&gt;</string>
		</dict>
		<key>8E32EA08182A4D22004BAD3A</key>
		<dict>
			<key>isa</key>
			<string>PBXFileReference</string>
			<key>lastKnownFileType</key>
			<string>text.plist.xml</string>
			<key>path</key>
			<string>XINGAPIClient TestsTests-Info.plist</string>
			<key>sourceTree</key>
			<string>&lt;group&gt;</string>
		</dict>
		<key>8E32EA09182A4D22004BAD3A</key>
		<dict>
			<key>children</key>
			<array>
				<string>8E32EA0A182A4D22004BAD3A</string>
			</array>
			<key>isa</key>
			<string>PBXVariantGroup</string>
			<key>name</key>
			<string>InfoPlist.strings</string>
			<key>sourceTree</key>
			<string>&lt;group&gt;</string>
		</dict>
		<key>8E32EA0A182A4D22004BAD3A</key>
		<dict>
			<key>isa</key>
			<string>PBXFileReference</string>
			<key>lastKnownFileType</key>
			<string>text.plist.strings</string>
			<key>name</key>
			<string>en</string>
			<key>path</key>
			<string>en.lproj/InfoPlist.strings</string>
			<key>sourceTree</key>
			<string>&lt;group&gt;</string>
		</dict>
		<key>8E32EA0B182A4D22004BAD3A</key>
		<dict>
			<key>fileRef</key>
			<string>8E32EA09182A4D22004BAD3A</string>
			<key>isa</key>
			<string>PBXBuildFile</string>
		</dict>
		<key>8E32EA0C182A4D22004BAD3A</key>
		<dict>
			<key>isa</key>
			<string>PBXFileReference</string>
			<key>lastKnownFileType</key>
			<string>sourcecode.c.objc</string>
			<key>path</key>
			<string>XINGAPIClient_TestsTests.m</string>
			<key>sourceTree</key>
			<string>&lt;group&gt;</string>
		</dict>
		<key>8E32EA0D182A4D22004BAD3A</key>
		<dict>
			<key>fileRef</key>
			<string>8E32EA0C182A4D22004BAD3A</string>
			<key>isa</key>
			<string>PBXBuildFile</string>
		</dict>
		<key>8E32EA0E182A4D22004BAD3A</key>
		<dict>
			<key>buildSettings</key>
			<dict>
				<key>ALWAYS_SEARCH_USER_PATHS</key>
				<string>NO</string>
				<key>ARCHS</key>
				<string>$(ARCHS_STANDARD_INCLUDING_64_BIT)</string>
				<key>CLANG_CXX_LANGUAGE_STANDARD</key>
				<string>gnu++0x</string>
				<key>CLANG_CXX_LIBRARY</key>
				<string>libc++</string>
				<key>CLANG_ENABLE_MODULES</key>
				<string>YES</string>
				<key>CLANG_ENABLE_OBJC_ARC</key>
				<string>YES</string>
				<key>CLANG_WARN_BOOL_CONVERSION</key>
				<string>YES</string>
				<key>CLANG_WARN_CONSTANT_CONVERSION</key>
				<string>YES</string>
				<key>CLANG_WARN_DIRECT_OBJC_ISA_USAGE</key>
				<string>YES_ERROR</string>
				<key>CLANG_WARN_EMPTY_BODY</key>
				<string>YES</string>
				<key>CLANG_WARN_ENUM_CONVERSION</key>
				<string>YES</string>
				<key>CLANG_WARN_INT_CONVERSION</key>
				<string>YES</string>
				<key>CLANG_WARN_OBJC_ROOT_CLASS</key>
				<string>YES_ERROR</string>
				<key>CLANG_WARN__DUPLICATE_METHOD_MATCH</key>
				<string>YES</string>
				<key>CODE_SIGN_IDENTITY[sdk=iphoneos*]</key>
				<string>iPhone Developer</string>
				<key>COPY_PHASE_STRIP</key>
				<string>NO</string>
				<key>GCC_C_LANGUAGE_STANDARD</key>
				<string>gnu99</string>
				<key>GCC_DYNAMIC_NO_PIC</key>
				<string>NO</string>
				<key>GCC_OPTIMIZATION_LEVEL</key>
				<string>0</string>
				<key>GCC_PREPROCESSOR_DEFINITIONS</key>
				<array>
					<string>DEBUG=1</string>
					<string>$(inherited)</string>
				</array>
				<key>GCC_SYMBOLS_PRIVATE_EXTERN</key>
				<string>NO</string>
				<key>GCC_WARN_64_TO_32_BIT_CONVERSION</key>
				<string>YES</string>
				<key>GCC_WARN_ABOUT_RETURN_TYPE</key>
				<string>YES_ERROR</string>
				<key>GCC_WARN_UNDECLARED_SELECTOR</key>
				<string>YES</string>
				<key>GCC_WARN_UNINITIALIZED_AUTOS</key>
				<string>YES</string>
				<key>GCC_WARN_UNUSED_FUNCTION</key>
				<string>YES</string>
				<key>GCC_WARN_UNUSED_VARIABLE</key>
				<string>YES</string>
				<key>IPHONEOS_DEPLOYMENT_TARGET</key>
				<string>7.0</string>
				<key>ONLY_ACTIVE_ARCH</key>
				<string>YES</string>
				<key>SDKROOT</key>
				<string>iphoneos</string>
			</dict>
			<key>isa</key>
			<string>XCBuildConfiguration</string>
			<key>name</key>
			<string>Debug</string>
		</dict>
		<key>8E32EA0F182A4D22004BAD3A</key>
		<dict>
			<key>buildSettings</key>
			<dict>
				<key>ALWAYS_SEARCH_USER_PATHS</key>
				<string>NO</string>
				<key>ARCHS</key>
				<string>$(ARCHS_STANDARD_INCLUDING_64_BIT)</string>
				<key>CLANG_CXX_LANGUAGE_STANDARD</key>
				<string>gnu++0x</string>
				<key>CLANG_CXX_LIBRARY</key>
				<string>libc++</string>
				<key>CLANG_ENABLE_MODULES</key>
				<string>YES</string>
				<key>CLANG_ENABLE_OBJC_ARC</key>
				<string>YES</string>
				<key>CLANG_WARN_BOOL_CONVERSION</key>
				<string>YES</string>
				<key>CLANG_WARN_CONSTANT_CONVERSION</key>
				<string>YES</string>
				<key>CLANG_WARN_DIRECT_OBJC_ISA_USAGE</key>
				<string>YES_ERROR</string>
				<key>CLANG_WARN_EMPTY_BODY</key>
				<string>YES</string>
				<key>CLANG_WARN_ENUM_CONVERSION</key>
				<string>YES</string>
				<key>CLANG_WARN_INT_CONVERSION</key>
				<string>YES</string>
				<key>CLANG_WARN_OBJC_ROOT_CLASS</key>
				<string>YES_ERROR</string>
				<key>CLANG_WARN__DUPLICATE_METHOD_MATCH</key>
				<string>YES</string>
				<key>CODE_SIGN_IDENTITY[sdk=iphoneos*]</key>
				<string>iPhone Developer</string>
				<key>COPY_PHASE_STRIP</key>
				<string>YES</string>
				<key>ENABLE_NS_ASSERTIONS</key>
				<string>NO</string>
				<key>GCC_C_LANGUAGE_STANDARD</key>
				<string>gnu99</string>
				<key>GCC_WARN_64_TO_32_BIT_CONVERSION</key>
				<string>YES</string>
				<key>GCC_WARN_ABOUT_RETURN_TYPE</key>
				<string>YES_ERROR</string>
				<key>GCC_WARN_UNDECLARED_SELECTOR</key>
				<string>YES</string>
				<key>GCC_WARN_UNINITIALIZED_AUTOS</key>
				<string>YES</string>
				<key>GCC_WARN_UNUSED_FUNCTION</key>
				<string>YES</string>
				<key>GCC_WARN_UNUSED_VARIABLE</key>
				<string>YES</string>
				<key>IPHONEOS_DEPLOYMENT_TARGET</key>
				<string>7.0</string>
				<key>SDKROOT</key>
				<string>iphoneos</string>
				<key>VALIDATE_PRODUCT</key>
				<string>YES</string>
			</dict>
			<key>isa</key>
			<string>XCBuildConfiguration</string>
			<key>name</key>
			<string>Release</string>
		</dict>
		<key>8E32EA10182A4D22004BAD3A</key>
		<dict>
			<key>buildConfigurations</key>
			<array>
				<string>8E32EA11182A4D22004BAD3A</string>
				<string>8E32EA12182A4D22004BAD3A</string>
			</array>
			<key>defaultConfigurationIsVisible</key>
			<string>0</string>
			<key>isa</key>
			<string>XCConfigurationList</string>
		</dict>
		<key>8E32EA11182A4D22004BAD3A</key>
		<dict>
			<key>buildSettings</key>
			<dict>
				<key>ASSETCATALOG_COMPILER_APPICON_NAME</key>
				<string>AppIcon</string>
				<key>ASSETCATALOG_COMPILER_LAUNCHIMAGE_NAME</key>
				<string>LaunchImage</string>
				<key>GCC_PRECOMPILE_PREFIX_HEADER</key>
				<string>YES</string>
				<key>GCC_PREFIX_HEADER</key>
				<string>XINGAPIClient Tests/XINGAPIClient Tests-Prefix.pch</string>
				<key>INFOPLIST_FILE</key>
				<string>XINGAPIClient Tests/XINGAPIClient Tests-Info.plist</string>
				<key>PRODUCT_NAME</key>
				<string>$(TARGET_NAME)</string>
				<key>WRAPPER_EXTENSION</key>
				<string>app</string>
			</dict>
			<key>isa</key>
			<string>XCBuildConfiguration</string>
			<key>name</key>
			<string>Debug</string>
		</dict>
		<key>8E32EA12182A4D22004BAD3A</key>
		<dict>
			<key>buildSettings</key>
			<dict>
				<key>ASSETCATALOG_COMPILER_APPICON_NAME</key>
				<string>AppIcon</string>
				<key>ASSETCATALOG_COMPILER_LAUNCHIMAGE_NAME</key>
				<string>LaunchImage</string>
				<key>GCC_PRECOMPILE_PREFIX_HEADER</key>
				<string>YES</string>
				<key>GCC_PREFIX_HEADER</key>
				<string>XINGAPIClient Tests/XINGAPIClient Tests-Prefix.pch</string>
				<key>INFOPLIST_FILE</key>
				<string>XINGAPIClient Tests/XINGAPIClient Tests-Info.plist</string>
				<key>PRODUCT_NAME</key>
				<string>$(TARGET_NAME)</string>
				<key>WRAPPER_EXTENSION</key>
				<string>app</string>
			</dict>
			<key>isa</key>
			<string>XCBuildConfiguration</string>
			<key>name</key>
			<string>Release</string>
		</dict>
		<key>8E32EA13182A4D22004BAD3A</key>
		<dict>
			<key>buildConfigurations</key>
			<array>
				<string>8E32EA14182A4D22004BAD3A</string>
				<string>8E32EA15182A4D22004BAD3A</string>
			</array>
			<key>defaultConfigurationIsVisible</key>
			<string>0</string>
			<key>isa</key>
			<string>XCConfigurationList</string>
		</dict>
		<key>8E32EA14182A4D22004BAD3A</key>
		<dict>
			<key>baseConfigurationReference</key>
			<string>BC5BE4A1E5A74365898173CC</string>
			<key>buildSettings</key>
			<dict>
				<key>ARCHS</key>
				<string>$(ARCHS_STANDARD_INCLUDING_64_BIT)</string>
				<key>BUNDLE_LOADER</key>
				<string>$(BUILT_PRODUCTS_DIR)/XINGAPIClient Tests.app/XINGAPIClient Tests</string>
				<key>FRAMEWORK_SEARCH_PATHS</key>
				<array>
					<string>$(SDKROOT)/Developer/Library/Frameworks</string>
					<string>$(inherited)</string>
					<string>$(DEVELOPER_FRAMEWORKS_DIR)</string>
				</array>
				<key>GCC_PRECOMPILE_PREFIX_HEADER</key>
				<string>YES</string>
				<key>GCC_PREFIX_HEADER</key>
				<string>XINGAPIClient Tests/XINGAPIClient Tests-Prefix.pch</string>
				<key>GCC_PREPROCESSOR_DEFINITIONS</key>
				<array>
					<string>DEBUG=1</string>
					<string>$(inherited)</string>
				</array>
				<key>INFOPLIST_FILE</key>
				<string>XINGAPIClient TestsTests/XINGAPIClient TestsTests-Info.plist</string>
				<key>PRODUCT_NAME</key>
				<string>$(TARGET_NAME)</string>
				<key>TEST_HOST</key>
				<string>$(BUNDLE_LOADER)</string>
				<key>WRAPPER_EXTENSION</key>
				<string>xctest</string>
			</dict>
			<key>isa</key>
			<string>XCBuildConfiguration</string>
			<key>name</key>
			<string>Debug</string>
		</dict>
		<key>8E32EA15182A4D22004BAD3A</key>
		<dict>
			<key>baseConfigurationReference</key>
			<string>BC5BE4A1E5A74365898173CC</string>
			<key>buildSettings</key>
			<dict>
				<key>ARCHS</key>
				<string>$(ARCHS_STANDARD_INCLUDING_64_BIT)</string>
				<key>BUNDLE_LOADER</key>
				<string>$(BUILT_PRODUCTS_DIR)/XINGAPIClient Tests.app/XINGAPIClient Tests</string>
				<key>FRAMEWORK_SEARCH_PATHS</key>
				<array>
					<string>$(SDKROOT)/Developer/Library/Frameworks</string>
					<string>$(inherited)</string>
					<string>$(DEVELOPER_FRAMEWORKS_DIR)</string>
				</array>
				<key>GCC_PRECOMPILE_PREFIX_HEADER</key>
				<string>YES</string>
				<key>GCC_PREFIX_HEADER</key>
				<string>XINGAPIClient Tests/XINGAPIClient Tests-Prefix.pch</string>
				<key>INFOPLIST_FILE</key>
				<string>XINGAPIClient TestsTests/XINGAPIClient TestsTests-Info.plist</string>
				<key>PRODUCT_NAME</key>
				<string>$(TARGET_NAME)</string>
				<key>TEST_HOST</key>
				<string>$(BUNDLE_LOADER)</string>
				<key>WRAPPER_EXTENSION</key>
				<string>xctest</string>
			</dict>
			<key>isa</key>
			<string>XCBuildConfiguration</string>
			<key>name</key>
			<string>Release</string>
		</dict>
		<key>90E108B42FF348EBA8B0FACC</key>
		<dict>
			<key>buildActionMask</key>
			<string>2147483647</string>
			<key>files</key>
			<array/>
			<key>inputPaths</key>
			<array/>
			<key>isa</key>
			<string>PBXShellScriptBuildPhase</string>
			<key>name</key>
			<string>Check Pods Manifest.lock</string>
			<key>outputPaths</key>
			<array/>
			<key>runOnlyForDeploymentPostprocessing</key>
			<string>0</string>
			<key>shellPath</key>
			<string>/bin/sh</string>
			<key>shellScript</key>
			<string>diff "${PODS_ROOT}/../Podfile.lock" "${PODS_ROOT}/Manifest.lock" &gt; /dev/null
if [[ $? != 0 ]] ; then
    cat &lt;&lt; EOM
error: The sandbox is not in sync with the Podfile.lock. Run 'pod install' or update your CocoaPods installation.
EOM
    exit 1
fi
</string>
			<key>showEnvVarsInLog</key>
			<string>0</string>
		</dict>
		<key>BC5BE4A1E5A74365898173CC</key>
		<dict>
			<key>includeInIndex</key>
			<string>1</string>
			<key>isa</key>
			<string>PBXFileReference</string>
			<key>lastKnownFileType</key>
			<string>text.xcconfig</string>
			<key>name</key>
			<string>Pods.xcconfig</string>
			<key>path</key>
			<string>Pods/Pods.xcconfig</string>
			<key>sourceTree</key>
			<string>&lt;group&gt;</string>
		</dict>
		<key>E28CC82A6531418D8DA6491F</key>
		<dict>
			<key>fileRef</key>
			<string>42DB8AC7602C42D2A5D39BB8</string>
			<key>isa</key>
			<string>PBXBuildFile</string>
		</dict>
		<key>FA25EFD00BFB4FF78B6D4323</key>
		<dict>
			<key>buildActionMask</key>
			<string>2147483647</string>
			<key>files</key>
			<array/>
			<key>inputPaths</key>
			<array/>
			<key>isa</key>
			<string>PBXShellScriptBuildPhase</string>
			<key>name</key>
			<string>Copy Pods Resources</string>
			<key>outputPaths</key>
			<array/>
			<key>runOnlyForDeploymentPostprocessing</key>
			<string>0</string>
			<key>shellPath</key>
			<string>/bin/sh</string>
			<key>shellScript</key>
			<string>"${SRCROOT}/Pods/Pods-resources.sh"
</string>
			<key>showEnvVarsInLog</key>
			<string>0</string>
		</dict>
	</dict>
	<key>rootObject</key>
	<string>8E32E9DC182A4D22004BAD3A</string>
</dict>
</plist>
