// !$*UTF8*$!
{
	archiveVersion = 1;
	classes = {
	};
	objectVersion = 46;
	objects = {

/* Begin PBXBuildFile section */
		8E32E9E8182A4D22004BAD3A /* Foundation.framework in Frameworks */ = {isa = PBXBuildFile; fileRef = 8E32E9E7182A4D22004BAD3A /* Foundation.framework */; };
		8E32E9EA182A4D22004BAD3A /* CoreGraphics.framework in Frameworks */ = {isa = PBXBuildFile; fileRef = 8E32E9E9182A4D22004BAD3A /* CoreGraphics.framework */; };
		8E32E9EC182A4D22004BAD3A /* UIKit.framework in Frameworks */ = {isa = PBXBuildFile; fileRef = 8E32E9EB182A4D22004BAD3A /* UIKit.framework */; };
		8E32EA01182A4D22004BAD3A /* XCTest.framework in Frameworks */ = {isa = PBXBuildFile; fileRef = 8E32EA00182A4D22004BAD3A /* XCTest.framework */; };
		8E32EA02182A4D22004BAD3A /* Foundation.framework in Frameworks */ = {isa = PBXBuildFile; fileRef = 8E32E9E7182A4D22004BAD3A /* Foundation.framework */; };
		8E32EA03182A4D22004BAD3A /* UIKit.framework in Frameworks */ = {isa = PBXBuildFile; fileRef = 8E32E9EB182A4D22004BAD3A /* UIKit.framework */; };
		8E32EA20182A7991004BAD3A /* SystemConfiguration.framework in Frameworks */ = {isa = PBXBuildFile; fileRef = 8E32EA1E182A796B004BAD3A /* SystemConfiguration.framework */; };
		8E32EA21182A7996004BAD3A /* MobileCoreServices.framework in Frameworks */ = {isa = PBXBuildFile; fileRef = 8E32EA1A182A794F004BAD3A /* MobileCoreServices.framework */; };
		E28CC82A6531418D8DA6491F /* libPods.a in Frameworks */ = {isa = PBXBuildFile; fileRef = 42DB8AC7602C42D2A5D39BB8 /* libPods.a */; };
		F80DC253182B964D00629B70 /* XNGAppDelegate.m in Sources */ = {isa = PBXBuildFile; fileRef = F80DC252182B964D00629B70 /* XNGAppDelegate.m */; };
		F80DC25D182B965E00629B70 /* main.m in Sources */ = {isa = PBXBuildFile; fileRef = F80DC259182B965E00629B70 /* main.m */; };
		F80DC265182B975700629B70 /* XINGAPIClientTests.m in Sources */ = {isa = PBXBuildFile; fileRef = F80DC25F182B973B00629B70 /* XINGAPIClientTests.m */; };
		F80DC266182B975700629B70 /* XNGContactPathTests.m in Sources */ = {isa = PBXBuildFile; fileRef = F80DC260182B973B00629B70 /* XNGContactPathTests.m */; };
		F86AE37C182B99C100D13148 /* XNGTestHelper.m in Sources */ = {isa = PBXBuildFile; fileRef = F86AE37B182B99C100D13148 /* XNGTestHelper.m */; };
/* End PBXBuildFile section */

/* Begin PBXContainerItemProxy section */
		8E32EA04182A4D22004BAD3A /* PBXContainerItemProxy */ = {
			isa = PBXContainerItemProxy;
			containerPortal = 8E32E9DC182A4D22004BAD3A /* Project object */;
			proxyType = 1;
			remoteGlobalIDString = 8E32E9E3182A4D22004BAD3A;
			remoteInfo = "XINGAPIClient Tests";
		};
/* End PBXContainerItemProxy section */

/* Begin PBXFileReference section */
		42DB8AC7602C42D2A5D39BB8 /* libPods.a */ = {isa = PBXFileReference; explicitFileType = archive.ar; includeInIndex = 0; path = libPods.a; sourceTree = BUILT_PRODUCTS_DIR; };
		8E32E9E4182A4D22004BAD3A /* XINGAPIClient Tests.app */ = {isa = PBXFileReference; explicitFileType = wrapper.application; includeInIndex = 0; path = "XINGAPIClient Tests.app"; sourceTree = BUILT_PRODUCTS_DIR; };
		8E32E9E7182A4D22004BAD3A /* Foundation.framework */ = {isa = PBXFileReference; lastKnownFileType = wrapper.framework; name = Foundation.framework; path = System/Library/Frameworks/Foundation.framework; sourceTree = SDKROOT; };
		8E32E9E9182A4D22004BAD3A /* CoreGraphics.framework */ = {isa = PBXFileReference; lastKnownFileType = wrapper.framework; name = CoreGraphics.framework; path = System/Library/Frameworks/CoreGraphics.framework; sourceTree = SDKROOT; };
		8E32E9EB182A4D22004BAD3A /* UIKit.framework */ = {isa = PBXFileReference; lastKnownFileType = wrapper.framework; name = UIKit.framework; path = System/Library/Frameworks/UIKit.framework; sourceTree = SDKROOT; };
		8E32E9FF182A4D22004BAD3A /* iOS Tests.xctest */ = {isa = PBXFileReference; explicitFileType = wrapper.cfbundle; includeInIndex = 0; path = "iOS Tests.xctest"; sourceTree = BUILT_PRODUCTS_DIR; };
		8E32EA00182A4D22004BAD3A /* XCTest.framework */ = {isa = PBXFileReference; lastKnownFileType = wrapper.framework; name = XCTest.framework; path = Library/Frameworks/XCTest.framework; sourceTree = DEVELOPER_DIR; };
		8E32EA1A182A794F004BAD3A /* MobileCoreServices.framework */ = {isa = PBXFileReference; lastKnownFileType = wrapper.framework; name = MobileCoreServices.framework; path = System/Library/Frameworks/MobileCoreServices.framework; sourceTree = SDKROOT; };
		8E32EA1C182A7955004BAD3A /* Security.framework */ = {isa = PBXFileReference; lastKnownFileType = wrapper.framework; name = Security.framework; path = System/Library/Frameworks/Security.framework; sourceTree = SDKROOT; };
		8E32EA1E182A796B004BAD3A /* SystemConfiguration.framework */ = {isa = PBXFileReference; lastKnownFileType = wrapper.framework; name = SystemConfiguration.framework; path = System/Library/Frameworks/SystemConfiguration.framework; sourceTree = SDKROOT; };
		BC5BE4A1E5A74365898173CC /* Pods.xcconfig */ = {isa = PBXFileReference; includeInIndex = 1; lastKnownFileType = text.xcconfig; name = Pods.xcconfig; path = Pods/Pods.xcconfig; sourceTree = "<group>"; };
		F80DC251182B964D00629B70 /* XNGAppDelegate.h */ = {isa = PBXFileReference; fileEncoding = 4; lastKnownFileType = sourcecode.c.h; name = XNGAppDelegate.h; path = "XINGAPIClient Tests App/XNGAppDelegate.h"; sourceTree = SOURCE_ROOT; };
		F80DC252182B964D00629B70 /* XNGAppDelegate.m */ = {isa = PBXFileReference; fileEncoding = 4; lastKnownFileType = sourcecode.c.objc; name = XNGAppDelegate.m; path = "XINGAPIClient Tests App/XNGAppDelegate.m"; sourceTree = SOURCE_ROOT; };
		F80DC259182B965E00629B70 /* main.m */ = {isa = PBXFileReference; fileEncoding = 4; lastKnownFileType = sourcecode.c.objc; name = main.m; path = "XINGAPIClient Tests App/main.m"; sourceTree = SOURCE_ROOT; };
		F80DC25A182B965E00629B70 /* XINGAPIClient Tests-Info.plist */ = {isa = PBXFileReference; fileEncoding = 4; lastKnownFileType = text.plist.xml; name = "XINGAPIClient Tests-Info.plist"; path = "XINGAPIClient Tests App/XINGAPIClient Tests-Info.plist"; sourceTree = SOURCE_ROOT; };
		F80DC25B182B965E00629B70 /* XINGAPIClient Tests-Prefix.pch */ = {isa = PBXFileReference; fileEncoding = 4; lastKnownFileType = sourcecode.c.h; name = "XINGAPIClient Tests-Prefix.pch"; path = "XINGAPIClient Tests App/XINGAPIClient Tests-Prefix.pch"; sourceTree = SOURCE_ROOT; };
		F80DC25F182B973B00629B70 /* XINGAPIClientTests.m */ = {isa = PBXFileReference; fileEncoding = 4; lastKnownFileType = sourcecode.c.objc; name = XINGAPIClientTests.m; path = "XINGAPIClient Tests/XINGAPIClientTests.m"; sourceTree = SOURCE_ROOT; };
		F80DC260182B973B00629B70 /* XNGContactPathTests.m */ = {isa = PBXFileReference; fileEncoding = 4; lastKnownFileType = sourcecode.c.objc; name = XNGContactPathTests.m; path = "XINGAPIClient Tests/XNGContactPathTests.m"; sourceTree = SOURCE_ROOT; };
		F86AE37A182B99C100D13148 /* XNGTestHelper.h */ = {isa = PBXFileReference; fileEncoding = 4; lastKnownFileType = sourcecode.c.h; name = XNGTestHelper.h; path = "XINGAPIClient Tests/XNGTestHelper.h"; sourceTree = SOURCE_ROOT; };
		F86AE37B182B99C100D13148 /* XNGTestHelper.m */ = {isa = PBXFileReference; fileEncoding = 4; lastKnownFileType = sourcecode.c.objc; name = XNGTestHelper.m; path = "XINGAPIClient Tests/XNGTestHelper.m"; sourceTree = SOURCE_ROOT; };
/* End PBXFileReference section */

/* Begin PBXFrameworksBuildPhase section */
		8E32E9E1182A4D22004BAD3A /* Frameworks */ = {
			isa = PBXFrameworksBuildPhase;
			buildActionMask = 2147483647;
			files = (
				8E32EA21182A7996004BAD3A /* MobileCoreServices.framework in Frameworks */,
				8E32EA20182A7991004BAD3A /* SystemConfiguration.framework in Frameworks */,
				8E32E9EA182A4D22004BAD3A /* CoreGraphics.framework in Frameworks */,
				8E32E9EC182A4D22004BAD3A /* UIKit.framework in Frameworks */,
				8E32E9E8182A4D22004BAD3A /* Foundation.framework in Frameworks */,
			);
			runOnlyForDeploymentPostprocessing = 0;
		};
		8E32E9FC182A4D22004BAD3A /* Frameworks */ = {
			isa = PBXFrameworksBuildPhase;
			buildActionMask = 2147483647;
			files = (
				8E32EA01182A4D22004BAD3A /* XCTest.framework in Frameworks */,
				8E32EA03182A4D22004BAD3A /* UIKit.framework in Frameworks */,
				8E32EA02182A4D22004BAD3A /* Foundation.framework in Frameworks */,
				E28CC82A6531418D8DA6491F /* libPods.a in Frameworks */,
			);
			runOnlyForDeploymentPostprocessing = 0;
		};
/* End PBXFrameworksBuildPhase section */

/* Begin PBXGroup section */
		8E32E9DB182A4D22004BAD3A = {
			isa = PBXGroup;
			children = (
				8E32E9ED182A4D22004BAD3A /* XINGAPIClient Tests App */,
				8E32EA06182A4D22004BAD3A /* XINGAPIClient Tests */,
				8E32E9E6182A4D22004BAD3A /* Frameworks */,
				8E32E9E5182A4D22004BAD3A /* Products */,
				BC5BE4A1E5A74365898173CC /* Pods.xcconfig */,
			);
			sourceTree = "<group>";
		};
		8E32E9E5182A4D22004BAD3A /* Products */ = {
			isa = PBXGroup;
			children = (
				8E32E9E4182A4D22004BAD3A /* XINGAPIClient Tests.app */,
				8E32E9FF182A4D22004BAD3A /* iOS Tests.xctest */,
			);
			name = Products;
			sourceTree = "<group>";
		};
		8E32E9E6182A4D22004BAD3A /* Frameworks */ = {
			isa = PBXGroup;
			children = (
				8E32EA1E182A796B004BAD3A /* SystemConfiguration.framework */,
				8E32EA1C182A7955004BAD3A /* Security.framework */,
				8E32EA1A182A794F004BAD3A /* MobileCoreServices.framework */,
				8E32E9E7182A4D22004BAD3A /* Foundation.framework */,
				8E32E9E9182A4D22004BAD3A /* CoreGraphics.framework */,
				8E32E9EB182A4D22004BAD3A /* UIKit.framework */,
				8E32EA00182A4D22004BAD3A /* XCTest.framework */,
				42DB8AC7602C42D2A5D39BB8 /* libPods.a */,
			);
			name = Frameworks;
			sourceTree = "<group>";
		};
		8E32E9ED182A4D22004BAD3A /* XINGAPIClient Tests App */ = {
			isa = PBXGroup;
			children = (
				F80DC251182B964D00629B70 /* XNGAppDelegate.h */,
				F80DC252182B964D00629B70 /* XNGAppDelegate.m */,
				8E32E9EE182A4D22004BAD3A /* Supporting Files */,
			);
			name = "XINGAPIClient Tests App";
			path = "XINGAPIClient Tests";
			sourceTree = "<group>";
		};
		8E32E9EE182A4D22004BAD3A /* Supporting Files */ = {
			isa = PBXGroup;
			children = (
				F80DC259182B965E00629B70 /* main.m */,
				F80DC25A182B965E00629B70 /* XINGAPIClient Tests-Info.plist */,
				F80DC25B182B965E00629B70 /* XINGAPIClient Tests-Prefix.pch */,
			);
			name = "Supporting Files";
			sourceTree = "<group>";
		};
		8E32EA06182A4D22004BAD3A /* XINGAPIClient Tests */ = {
			isa = PBXGroup;
			children = (
				F80DC25F182B973B00629B70 /* XINGAPIClientTests.m */,
				F80DC260182B973B00629B70 /* XNGContactPathTests.m */,
				F86AE37A182B99C100D13148 /* XNGTestHelper.h */,
				F86AE37B182B99C100D13148 /* XNGTestHelper.m */,
			);
			name = "XINGAPIClient Tests";
			path = "XINGAPIClient TestsTests";
			sourceTree = "<group>";
		};
/* End PBXGroup section */

/* Begin PBXNativeTarget section */
		8E32E9E3182A4D22004BAD3A /* XINGAPIClient Tests */ = {
			isa = PBXNativeTarget;
			buildConfigurationList = 8E32EA10182A4D22004BAD3A /* Build configuration list for PBXNativeTarget "XINGAPIClient Tests" */;
			buildPhases = (
				8E32E9E0182A4D22004BAD3A /* Sources */,
				8E32E9E1182A4D22004BAD3A /* Frameworks */,
				8E32E9E2182A4D22004BAD3A /* Resources */,
			);
			buildRules = (
			);
			dependencies = (
			);
			name = "XINGAPIClient Tests";
			productName = "XINGAPIClient Tests";
			productReference = 8E32E9E4182A4D22004BAD3A /* XINGAPIClient Tests.app */;
			productType = "com.apple.product-type.application";
		};
		8E32E9FE182A4D22004BAD3A /* iOS Tests */ = {
			isa = PBXNativeTarget;
			buildConfigurationList = 8E32EA13182A4D22004BAD3A /* Build configuration list for PBXNativeTarget "iOS Tests" */;
			buildPhases = (
				90E108B42FF348EBA8B0FACC /* Check Pods Manifest.lock */,
				8E32E9FB182A4D22004BAD3A /* Sources */,
				8E32E9FC182A4D22004BAD3A /* Frameworks */,
				8E32E9FD182A4D22004BAD3A /* Resources */,
				FA25EFD00BFB4FF78B6D4323 /* Copy Pods Resources */,
			);
			buildRules = (
			);
			dependencies = (
				8E32EA05182A4D22004BAD3A /* PBXTargetDependency */,
			);
			name = "iOS Tests";
			productName = "XINGAPIClient TestsTests";
			productReference = 8E32E9FF182A4D22004BAD3A /* iOS Tests.xctest */;
			productType = "com.apple.product-type.bundle.unit-test";
		};
/* End PBXNativeTarget section */

/* Begin PBXProject section */
		8E32E9DC182A4D22004BAD3A /* Project object */ = {
			isa = PBXProject;
			attributes = {
				CLASSPREFIX = XNG;
				LastUpgradeCheck = 0500;
				ORGANIZATIONNAME = "XING AG";
				TargetAttributes = {
					8E32E9FE182A4D22004BAD3A = {
						TestTargetID = 8E32E9E3182A4D22004BAD3A;
					};
				};
			};
			buildConfigurationList = 8E32E9DF182A4D22004BAD3A /* Build configuration list for PBXProject "XINGAPIClient Tests" */;
			compatibilityVersion = "Xcode 3.2";
			developmentRegion = English;
			hasScannedForEncodings = 0;
			knownRegions = (
				en,
			);
			mainGroup = 8E32E9DB182A4D22004BAD3A;
			productRefGroup = 8E32E9E5182A4D22004BAD3A /* Products */;
			projectDirPath = "";
			projectRoot = "";
			targets = (
				8E32E9E3182A4D22004BAD3A /* XINGAPIClient Tests */,
				8E32E9FE182A4D22004BAD3A /* iOS Tests */,
			);
		};
/* End PBXProject section */

/* Begin PBXResourcesBuildPhase section */
		8E32E9E2182A4D22004BAD3A /* Resources */ = {
			isa = PBXResourcesBuildPhase;
			buildActionMask = 2147483647;
			files = (
			);
			runOnlyForDeploymentPostprocessing = 0;
		};
		8E32E9FD182A4D22004BAD3A /* Resources */ = {
			isa = PBXResourcesBuildPhase;
			buildActionMask = 2147483647;
			files = (
			);
			runOnlyForDeploymentPostprocessing = 0;
		};
/* End PBXResourcesBuildPhase section */

/* Begin PBXShellScriptBuildPhase section */
		90E108B42FF348EBA8B0FACC /* Check Pods Manifest.lock */ = {
			isa = PBXShellScriptBuildPhase;
			buildActionMask = 2147483647;
			files = (
			);
			inputPaths = (
			);
			name = "Check Pods Manifest.lock";
			outputPaths = (
			);
			runOnlyForDeploymentPostprocessing = 0;
			shellPath = /bin/sh;
			shellScript = "diff \"${PODS_ROOT}/../Podfile.lock\" \"${PODS_ROOT}/Manifest.lock\" > /dev/null\nif [[ $? != 0 ]] ; then\n    cat << EOM\nerror: The sandbox is not in sync with the Podfile.lock. Run 'pod install' or update your CocoaPods installation.\nEOM\n    exit 1\nfi\n";
			showEnvVarsInLog = 0;
		};
		FA25EFD00BFB4FF78B6D4323 /* Copy Pods Resources */ = {
			isa = PBXShellScriptBuildPhase;
			buildActionMask = 2147483647;
			files = (
			);
			inputPaths = (
			);
			name = "Copy Pods Resources";
			outputPaths = (
			);
			runOnlyForDeploymentPostprocessing = 0;
			shellPath = /bin/sh;
			shellScript = "\"${SRCROOT}/Pods/Pods-resources.sh\"\n";
			showEnvVarsInLog = 0;
		};
/* End PBXShellScriptBuildPhase section */

/* Begin PBXSourcesBuildPhase section */
		8E32E9E0182A4D22004BAD3A /* Sources */ = {
			isa = PBXSourcesBuildPhase;
			buildActionMask = 2147483647;
			files = (
				F80DC253182B964D00629B70 /* XNGAppDelegate.m in Sources */,
				F80DC25D182B965E00629B70 /* main.m in Sources */,
			);
			runOnlyForDeploymentPostprocessing = 0;
		};
		8E32E9FB182A4D22004BAD3A /* Sources */ = {
			isa = PBXSourcesBuildPhase;
			buildActionMask = 2147483647;
			files = (
				F80DC265182B975700629B70 /* XINGAPIClientTests.m in Sources */,
				F86AE37C182B99C100D13148 /* XNGTestHelper.m in Sources */,
				F80DC266182B975700629B70 /* XNGContactPathTests.m in Sources */,
			);
			runOnlyForDeploymentPostprocessing = 0;
		};
/* End PBXSourcesBuildPhase section */

/* Begin PBXTargetDependency section */
		8E32EA05182A4D22004BAD3A /* PBXTargetDependency */ = {
			isa = PBXTargetDependency;
			target = 8E32E9E3182A4D22004BAD3A /* XINGAPIClient Tests */;
			targetProxy = 8E32EA04182A4D22004BAD3A /* PBXContainerItemProxy */;
		};
/* End PBXTargetDependency section */

/* Begin XCBuildConfiguration section */
		8E32EA0E182A4D22004BAD3A /* Debug */ = {
			isa = XCBuildConfiguration;
			buildSettings = {
				ALWAYS_SEARCH_USER_PATHS = NO;
				ARCHS = "$(ARCHS_STANDARD_INCLUDING_64_BIT)";
				CLANG_CXX_LANGUAGE_STANDARD = "gnu++0x";
				CLANG_CXX_LIBRARY = "libc++";
				CLANG_ENABLE_MODULES = YES;
				CLANG_ENABLE_OBJC_ARC = YES;
				CLANG_WARN_BOOL_CONVERSION = YES;
				CLANG_WARN_CONSTANT_CONVERSION = YES;
				CLANG_WARN_DIRECT_OBJC_ISA_USAGE = YES_ERROR;
				CLANG_WARN_EMPTY_BODY = YES;
				CLANG_WARN_ENUM_CONVERSION = YES;
				CLANG_WARN_INT_CONVERSION = YES;
				CLANG_WARN_OBJC_ROOT_CLASS = YES_ERROR;
				CLANG_WARN__DUPLICATE_METHOD_MATCH = YES;
				"CODE_SIGN_IDENTITY[sdk=iphoneos*]" = "iPhone Developer";
				COPY_PHASE_STRIP = NO;
				GCC_C_LANGUAGE_STANDARD = gnu99;
				GCC_DYNAMIC_NO_PIC = NO;
				GCC_OPTIMIZATION_LEVEL = 0;
				GCC_PREPROCESSOR_DEFINITIONS = (
					"DEBUG=1",
					"$(inherited)",
				);
				GCC_SYMBOLS_PRIVATE_EXTERN = NO;
				GCC_WARN_64_TO_32_BIT_CONVERSION = YES;
				GCC_WARN_ABOUT_RETURN_TYPE = YES_ERROR;
				GCC_WARN_UNDECLARED_SELECTOR = YES;
				GCC_WARN_UNINITIALIZED_AUTOS = YES;
				GCC_WARN_UNUSED_FUNCTION = YES;
				GCC_WARN_UNUSED_VARIABLE = YES;
				IPHONEOS_DEPLOYMENT_TARGET = 7.0;
				ONLY_ACTIVE_ARCH = YES;
				SDKROOT = iphoneos;
			};
			name = Debug;
		};
		8E32EA0F182A4D22004BAD3A /* Release */ = {
			isa = XCBuildConfiguration;
			buildSettings = {
				ALWAYS_SEARCH_USER_PATHS = NO;
				ARCHS = "$(ARCHS_STANDARD_INCLUDING_64_BIT)";
				CLANG_CXX_LANGUAGE_STANDARD = "gnu++0x";
				CLANG_CXX_LIBRARY = "libc++";
				CLANG_ENABLE_MODULES = YES;
				CLANG_ENABLE_OBJC_ARC = YES;
				CLANG_WARN_BOOL_CONVERSION = YES;
				CLANG_WARN_CONSTANT_CONVERSION = YES;
				CLANG_WARN_DIRECT_OBJC_ISA_USAGE = YES_ERROR;
				CLANG_WARN_EMPTY_BODY = YES;
				CLANG_WARN_ENUM_CONVERSION = YES;
				CLANG_WARN_INT_CONVERSION = YES;
				CLANG_WARN_OBJC_ROOT_CLASS = YES_ERROR;
				CLANG_WARN__DUPLICATE_METHOD_MATCH = YES;
				"CODE_SIGN_IDENTITY[sdk=iphoneos*]" = "iPhone Developer";
				COPY_PHASE_STRIP = YES;
				ENABLE_NS_ASSERTIONS = NO;
				GCC_C_LANGUAGE_STANDARD = gnu99;
				GCC_WARN_64_TO_32_BIT_CONVERSION = YES;
				GCC_WARN_ABOUT_RETURN_TYPE = YES_ERROR;
				GCC_WARN_UNDECLARED_SELECTOR = YES;
				GCC_WARN_UNINITIALIZED_AUTOS = YES;
				GCC_WARN_UNUSED_FUNCTION = YES;
				GCC_WARN_UNUSED_VARIABLE = YES;
				IPHONEOS_DEPLOYMENT_TARGET = 7.0;
				SDKROOT = iphoneos;
				VALIDATE_PRODUCT = YES;
			};
			name = Release;
		};
		8E32EA11182A4D22004BAD3A /* Debug */ = {
			isa = XCBuildConfiguration;
			buildSettings = {
				ASSETCATALOG_COMPILER_APPICON_NAME = AppIcon;
				ASSETCATALOG_COMPILER_LAUNCHIMAGE_NAME = LaunchImage;
				GCC_PRECOMPILE_PREFIX_HEADER = YES;
				GCC_PREFIX_HEADER = "XINGAPIClient Tests App/XINGAPIClient Tests-Prefix.pch";
				INFOPLIST_FILE = "XINGAPIClient Tests App/XINGAPIClient Tests-Info.plist";
				PRODUCT_NAME = "$(TARGET_NAME)";
				WRAPPER_EXTENSION = app;
			};
			name = Debug;
		};
		8E32EA12182A4D22004BAD3A /* Release */ = {
			isa = XCBuildConfiguration;
			buildSettings = {
				ASSETCATALOG_COMPILER_APPICON_NAME = AppIcon;
				ASSETCATALOG_COMPILER_LAUNCHIMAGE_NAME = LaunchImage;
				GCC_PRECOMPILE_PREFIX_HEADER = YES;
				GCC_PREFIX_HEADER = "XINGAPIClient Tests App/XINGAPIClient Tests-Prefix.pch";
				INFOPLIST_FILE = "XINGAPIClient Tests App/XINGAPIClient Tests-Info.plist";
				PRODUCT_NAME = "$(TARGET_NAME)";
				WRAPPER_EXTENSION = app;
			};
			name = Release;
		};
		8E32EA14182A4D22004BAD3A /* Debug */ = {
			isa = XCBuildConfiguration;
			baseConfigurationReference = BC5BE4A1E5A74365898173CC /* Pods.xcconfig */;
			buildSettings = {
				ARCHS = "$(ARCHS_STANDARD_INCLUDING_64_BIT)";
				BUNDLE_LOADER = "$(BUILT_PRODUCTS_DIR)/XINGAPIClient Tests.app/XINGAPIClient Tests";
				FRAMEWORK_SEARCH_PATHS = (
					"$(SDKROOT)/Developer/Library/Frameworks",
					"$(inherited)",
					"$(DEVELOPER_FRAMEWORKS_DIR)",
				);
				GCC_PRECOMPILE_PREFIX_HEADER = YES;
				GCC_PREFIX_HEADER = "XINGAPIClient Tests App/XINGAPIClient Tests-Prefix.pch";
				GCC_PREPROCESSOR_DEFINITIONS = (
					"DEBUG=1",
					"$(inherited)",
				);
				INFOPLIST_FILE = "XINGAPIClient Tests App/XINGAPIClient Tests-Info.plist";
				PRODUCT_NAME = "$(TARGET_NAME)";
				TEST_HOST = "$(BUNDLE_LOADER)";
				WRAPPER_EXTENSION = xctest;
			};
			name = Debug;
		};
		8E32EA15182A4D22004BAD3A /* Release */ = {
			isa = XCBuildConfiguration;
			baseConfigurationReference = BC5BE4A1E5A74365898173CC /* Pods.xcconfig */;
			buildSettings = {
				ARCHS = "$(ARCHS_STANDARD_INCLUDING_64_BIT)";
				BUNDLE_LOADER = "$(BUILT_PRODUCTS_DIR)/XINGAPIClient Tests.app/XINGAPIClient Tests";
				FRAMEWORK_SEARCH_PATHS = (
					"$(SDKROOT)/Developer/Library/Frameworks",
					"$(inherited)",
					"$(DEVELOPER_FRAMEWORKS_DIR)",
				);
				GCC_PRECOMPILE_PREFIX_HEADER = YES;
				GCC_PREFIX_HEADER = "XINGAPIClient Tests App/XINGAPIClient Tests-Prefix.pch";
				INFOPLIST_FILE = "XINGAPIClient Tests App/XINGAPIClient Tests-Info.plist";
				PRODUCT_NAME = "$(TARGET_NAME)";
				TEST_HOST = "$(BUNDLE_LOADER)";
				WRAPPER_EXTENSION = xctest;
			};
			name = Release;
		};
/* End XCBuildConfiguration section */

/* Begin XCConfigurationList section */
		8E32E9DF182A4D22004BAD3A /* Build configuration list for PBXProject "XINGAPIClient Tests" */ = {
			isa = XCConfigurationList;
			buildConfigurations = (
				8E32EA0E182A4D22004BAD3A /* Debug */,
				8E32EA0F182A4D22004BAD3A /* Release */,
			);
			defaultConfigurationIsVisible = 0;
			defaultConfigurationName = Release;
		};
		8E32EA10182A4D22004BAD3A /* Build configuration list for PBXNativeTarget "XINGAPIClient Tests" */ = {
			isa = XCConfigurationList;
			buildConfigurations = (
				8E32EA11182A4D22004BAD3A /* Debug */,
				8E32EA12182A4D22004BAD3A /* Release */,
			);
			defaultConfigurationIsVisible = 0;
			defaultConfigurationName = Release;
		};
		8E32EA13182A4D22004BAD3A /* Build configuration list for PBXNativeTarget "iOS Tests" */ = {
			isa = XCConfigurationList;
			buildConfigurations = (
				8E32EA14182A4D22004BAD3A /* Debug */,
				8E32EA15182A4D22004BAD3A /* Release */,
			);
			defaultConfigurationIsVisible = 0;
			defaultConfigurationName = Release;
		};
/* End XCConfigurationList section */
	};
	rootObject = 8E32E9DC182A4D22004BAD3A /* Project object */;
}
