// !$*UTF8*$!
{
	archiveVersion = 1;
	classes = {
	};
	objectVersion = 46;
	objects = {

/* Begin PBXBuildFile section */
		123EDAF41783066E00B70CD4 /* UIKit.framework in Frameworks */ = {isa = PBXBuildFile; fileRef = 123EDAF31783066E00B70CD4 /* UIKit.framework */; };
		123EDAF61783066E00B70CD4 /* Foundation.framework in Frameworks */ = {isa = PBXBuildFile; fileRef = 123EDAF51783066E00B70CD4 /* Foundation.framework */; };
		123EDAF81783066E00B70CD4 /* CoreGraphics.framework in Frameworks */ = {isa = PBXBuildFile; fileRef = 123EDAF71783066E00B70CD4 /* CoreGraphics.framework */; };
		123EDAFE1783066E00B70CD4 /* InfoPlist.strings in Resources */ = {isa = PBXBuildFile; fileRef = 123EDAFC1783066E00B70CD4 /* InfoPlist.strings */; };
		123EDB001783066E00B70CD4 /* main.m in Sources */ = {isa = PBXBuildFile; fileRef = 123EDAFF1783066E00B70CD4 /* main.m */; };
		123EDB041783066E00B70CD4 /* XNGAppDelegate.m in Sources */ = {isa = PBXBuildFile; fileRef = 123EDB031783066E00B70CD4 /* XNGAppDelegate.m */; };
		123EDB061783066E00B70CD4 /* Default.png in Resources */ = {isa = PBXBuildFile; fileRef = 123EDB051783066E00B70CD4 /* Default.png */; };
		123EDB081783066E00B70CD4 /* Default@2x.png in Resources */ = {isa = PBXBuildFile; fileRef = 123EDB071783066E00B70CD4 /* Default@2x.png */; };
		123EDB0A1783066E00B70CD4 /* Default-568h@2x.png in Resources */ = {isa = PBXBuildFile; fileRef = 123EDB091783066E00B70CD4 /* Default-568h@2x.png */; };
		12A91DB71783516A002C219E /* XNGAPIClient.m in Sources */ = {isa = PBXBuildFile; fileRef = 12A91D981783516A002C219E /* XNGAPIClient.m */; };
		12A91DB81783516A002C219E /* XNGAPIClient+ContactPath.m in Sources */ = {isa = PBXBuildFile; fileRef = 12A91D9A1783516A002C219E /* XNGAPIClient+ContactPath.m */; };
		12A91DB91783516A002C219E /* XNGAPIClient+ContactRequests.m in Sources */ = {isa = PBXBuildFile; fileRef = 12A91D9C1783516A002C219E /* XNGAPIClient+ContactRequests.m */; };
		12A91DBA1783516A002C219E /* XNGAPIClient+Contacts.m in Sources */ = {isa = PBXBuildFile; fileRef = 12A91D9E1783516A002C219E /* XNGAPIClient+Contacts.m */; };
		12A91DBB1783516A002C219E /* XNGAPIClient+GeoLocations.m in Sources */ = {isa = PBXBuildFile; fileRef = 12A91DA01783516A002C219E /* XNGAPIClient+GeoLocations.m */; };
		12A91DBC1783516A002C219E /* XNGAPIClient+Invitations.m in Sources */ = {isa = PBXBuildFile; fileRef = 12A91DA21783516A002C219E /* XNGAPIClient+Invitations.m */; };
		12A91DBD1783516A002C219E /* XNGAPIClient+Jobs.m in Sources */ = {isa = PBXBuildFile; fileRef = 12A91DA41783516A002C219E /* XNGAPIClient+Jobs.m */; };
		12A91DBE1783516A002C219E /* XNGAPIClient+Messages.m in Sources */ = {isa = PBXBuildFile; fileRef = 12A91DA61783516A002C219E /* XNGAPIClient+Messages.m */; };
		12A91DBF1783516A002C219E /* XNGAPIClient+NetworkFeed.m in Sources */ = {isa = PBXBuildFile; fileRef = 12A91DA81783516A002C219E /* XNGAPIClient+NetworkFeed.m */; };
		12A91DC01783516A002C219E /* XNGAPIClient+ProfileVisits.m in Sources */ = {isa = PBXBuildFile; fileRef = 12A91DAA1783516A002C219E /* XNGAPIClient+ProfileVisits.m */; };
		12A91DC11783516A002C219E /* XNGAPIClient+Recommendations.m in Sources */ = {isa = PBXBuildFile; fileRef = 12A91DAC1783516A002C219E /* XNGAPIClient+Recommendations.m */; };
		12A91DC21783516A002C219E /* XNGAPIClient+UserProfiles.m in Sources */ = {isa = PBXBuildFile; fileRef = 12A91DAE1783516A002C219E /* XNGAPIClient+UserProfiles.m */; };
		12A91DC51783516A002C219E /* XNGJSONRequestOperation.m in Sources */ = {isa = PBXBuildFile; fileRef = 12A91DB41783516A002C219E /* XNGJSONRequestOperation.m */; };
		12A91DC61783516A002C219E /* XNGOAuthHandler.m in Sources */ = {isa = PBXBuildFile; fileRef = 12A91DB61783516A002C219E /* XNGOAuthHandler.m */; };
		12A91DDB178351D1002C219E /* AFHTTPClient.m in Sources */ = {isa = PBXBuildFile; fileRef = 12A91DC9178351D1002C219E /* AFHTTPClient.m */; };
		12A91DDC178351D1002C219E /* AFHTTPRequestOperation.m in Sources */ = {isa = PBXBuildFile; fileRef = 12A91DCB178351D1002C219E /* AFHTTPRequestOperation.m */; };
		12A91DDD178351D1002C219E /* AFImageRequestOperation.m in Sources */ = {isa = PBXBuildFile; fileRef = 12A91DCD178351D1002C219E /* AFImageRequestOperation.m */; };
		12A91DDE178351D1002C219E /* AFJSONRequestOperation.m in Sources */ = {isa = PBXBuildFile; fileRef = 12A91DCF178351D1002C219E /* AFJSONRequestOperation.m */; };
		12A91DDF178351D1002C219E /* AFNetworkActivityIndicatorManager.m in Sources */ = {isa = PBXBuildFile; fileRef = 12A91DD1178351D1002C219E /* AFNetworkActivityIndicatorManager.m */; };
		12A91DE0178351D1002C219E /* AFPropertyListRequestOperation.m in Sources */ = {isa = PBXBuildFile; fileRef = 12A91DD4178351D1002C219E /* AFPropertyListRequestOperation.m */; };
		12A91DE1178351D1002C219E /* AFURLConnectionOperation.m in Sources */ = {isa = PBXBuildFile; fileRef = 12A91DD6178351D1002C219E /* AFURLConnectionOperation.m */; };
		12A91DE2178351D1002C219E /* AFXMLRequestOperation.m in Sources */ = {isa = PBXBuildFile; fileRef = 12A91DD8178351D1002C219E /* AFXMLRequestOperation.m */; };
		12A91DE3178351D1002C219E /* UIImageView+AFNetworking.m in Sources */ = {isa = PBXBuildFile; fileRef = 12A91DDA178351D1002C219E /* UIImageView+AFNetworking.m */; };
		12A91DED17835CB7002C219E /* GTMHTTPFetcher.m in Sources */ = {isa = PBXBuildFile; fileRef = 12A91DE617835CB7002C219E /* GTMHTTPFetcher.m */; settings = {COMPILER_FLAGS = "-fno-objc-arc"; }; };
		12A91DEE17835CB7002C219E /* GTMOAuthAuthentication.m in Sources */ = {isa = PBXBuildFile; fileRef = 12A91DE817835CB7002C219E /* GTMOAuthAuthentication.m */; settings = {COMPILER_FLAGS = "-fno-objc-arc"; }; };
		12A91DEF17835CB7002C219E /* GTMOAuthSignIn.m in Sources */ = {isa = PBXBuildFile; fileRef = 12A91DEA17835CB7002C219E /* GTMOAuthSignIn.m */; settings = {COMPILER_FLAGS = "-fno-objc-arc"; }; };
		12A91DF017835CB7002C219E /* GTMOAuthViewControllerTouch.m in Sources */ = {isa = PBXBuildFile; fileRef = 12A91DEC17835CB7002C219E /* GTMOAuthViewControllerTouch.m */; settings = {COMPILER_FLAGS = "-fno-objc-arc -w"; }; };
		12C5BE0E178362F800DD0C58 /* SFHFKeychainUtils.m in Sources */ = {isa = PBXBuildFile; fileRef = 12C5BE0D178362F800DD0C58 /* SFHFKeychainUtils.m */; };
		12C5BE1417840A0800DD0C58 /* NSError+XWS.m in Sources */ = {isa = PBXBuildFile; fileRef = 12C5BE1317840A0800DD0C58 /* NSError+XWS.m */; };
		12C5BE16178420FC00DD0C58 /* Security.framework in Frameworks */ = {isa = PBXBuildFile; fileRef = 12C5BE15178420FC00DD0C58 /* Security.framework */; };
		12C5BE1C1784216600DD0C58 /* SystemConfiguration.framework in Frameworks */ = {isa = PBXBuildFile; fileRef = 12C5BE1B1784216600DD0C58 /* SystemConfiguration.framework */; };
		12C5BE23178423F200DD0C58 /* NSDictionary+Typecheck.m in Sources */ = {isa = PBXBuildFile; fileRef = 12C5BE20178423F200DD0C58 /* NSDictionary+Typecheck.m */; };
		12C5BE24178423F200DD0C58 /* NSString+URLEncoding.m in Sources */ = {isa = PBXBuildFile; fileRef = 12C5BE22178423F200DD0C58 /* NSString+URLEncoding.m */; };
		12C5BE27178472E600DD0C58 /* XNGExampleViewController.m in Sources */ = {isa = PBXBuildFile; fileRef = 12C5BE26178472E600DD0C58 /* XNGExampleViewController.m */; };
		8E0AAF7117FAF6A600020B93 /* MobileCoreServices.framework in Frameworks */ = {isa = PBXBuildFile; fileRef = 8E0AAF7017FAF6A600020B93 /* MobileCoreServices.framework */; };
		DD162B6A18088D9A00806605 /* AFOAuth1Client.m in Sources */ = {isa = PBXBuildFile; fileRef = DD162B6918088D9A00806605 /* AFOAuth1Client.m */; };
/* End PBXBuildFile section */

/* Begin PBXFileReference section */
		123EDAF01783066E00B70CD4 /* XNGAPIClientExample.app */ = {isa = PBXFileReference; explicitFileType = wrapper.application; includeInIndex = 0; path = XNGAPIClientExample.app; sourceTree = BUILT_PRODUCTS_DIR; };
		123EDAF31783066E00B70CD4 /* UIKit.framework */ = {isa = PBXFileReference; lastKnownFileType = wrapper.framework; name = UIKit.framework; path = System/Library/Frameworks/UIKit.framework; sourceTree = SDKROOT; };
		123EDAF51783066E00B70CD4 /* Foundation.framework */ = {isa = PBXFileReference; lastKnownFileType = wrapper.framework; name = Foundation.framework; path = System/Library/Frameworks/Foundation.framework; sourceTree = SDKROOT; };
		123EDAF71783066E00B70CD4 /* CoreGraphics.framework */ = {isa = PBXFileReference; lastKnownFileType = wrapper.framework; name = CoreGraphics.framework; path = System/Library/Frameworks/CoreGraphics.framework; sourceTree = SDKROOT; };
		123EDAFB1783066E00B70CD4 /* XNGAPIClientExample-Info.plist */ = {isa = PBXFileReference; lastKnownFileType = text.plist.xml; path = "XNGAPIClientExample-Info.plist"; sourceTree = "<group>"; };
		123EDAFD1783066E00B70CD4 /* en */ = {isa = PBXFileReference; lastKnownFileType = text.plist.strings; name = en; path = en.lproj/InfoPlist.strings; sourceTree = "<group>"; };
		123EDAFF1783066E00B70CD4 /* main.m */ = {isa = PBXFileReference; lastKnownFileType = sourcecode.c.objc; path = main.m; sourceTree = "<group>"; };
		123EDB011783066E00B70CD4 /* XNGAPIClientExample-Prefix.pch */ = {isa = PBXFileReference; lastKnownFileType = sourcecode.c.h; path = "XNGAPIClientExample-Prefix.pch"; sourceTree = "<group>"; };
		123EDB021783066E00B70CD4 /* XNGAppDelegate.h */ = {isa = PBXFileReference; lastKnownFileType = sourcecode.c.h; path = XNGAppDelegate.h; sourceTree = "<group>"; };
		123EDB031783066E00B70CD4 /* XNGAppDelegate.m */ = {isa = PBXFileReference; lastKnownFileType = sourcecode.c.objc; path = XNGAppDelegate.m; sourceTree = "<group>"; };
		123EDB051783066E00B70CD4 /* Default.png */ = {isa = PBXFileReference; lastKnownFileType = image.png; path = Default.png; sourceTree = "<group>"; };
		123EDB071783066E00B70CD4 /* Default@2x.png */ = {isa = PBXFileReference; lastKnownFileType = image.png; path = "Default@2x.png"; sourceTree = "<group>"; };
		123EDB091783066E00B70CD4 /* Default-568h@2x.png */ = {isa = PBXFileReference; lastKnownFileType = image.png; path = "Default-568h@2x.png"; sourceTree = "<group>"; };
		12A91D971783516A002C219E /* XNGAPIClient.h */ = {isa = PBXFileReference; fileEncoding = 4; lastKnownFileType = sourcecode.c.h; name = XNGAPIClient.h; path = ../XNGAPIClient/XNGAPIClient.h; sourceTree = "<group>"; };
		12A91D981783516A002C219E /* XNGAPIClient.m */ = {isa = PBXFileReference; fileEncoding = 4; lastKnownFileType = sourcecode.c.objc; name = XNGAPIClient.m; path = ../XNGAPIClient/XNGAPIClient.m; sourceTree = "<group>"; };
		12A91D991783516A002C219E /* XNGAPIClient+ContactPath.h */ = {isa = PBXFileReference; fileEncoding = 4; lastKnownFileType = sourcecode.c.h; name = "XNGAPIClient+ContactPath.h"; path = "../XNGAPIClient/XNGAPIClient+ContactPath.h"; sourceTree = "<group>"; };
		12A91D9A1783516A002C219E /* XNGAPIClient+ContactPath.m */ = {isa = PBXFileReference; fileEncoding = 4; lastKnownFileType = sourcecode.c.objc; name = "XNGAPIClient+ContactPath.m"; path = "../XNGAPIClient/XNGAPIClient+ContactPath.m"; sourceTree = "<group>"; };
		12A91D9B1783516A002C219E /* XNGAPIClient+ContactRequests.h */ = {isa = PBXFileReference; fileEncoding = 4; lastKnownFileType = sourcecode.c.h; name = "XNGAPIClient+ContactRequests.h"; path = "../XNGAPIClient/XNGAPIClient+ContactRequests.h"; sourceTree = "<group>"; };
		12A91D9C1783516A002C219E /* XNGAPIClient+ContactRequests.m */ = {isa = PBXFileReference; fileEncoding = 4; lastKnownFileType = sourcecode.c.objc; name = "XNGAPIClient+ContactRequests.m"; path = "../XNGAPIClient/XNGAPIClient+ContactRequests.m"; sourceTree = "<group>"; };
		12A91D9D1783516A002C219E /* XNGAPIClient+Contacts.h */ = {isa = PBXFileReference; fileEncoding = 4; lastKnownFileType = sourcecode.c.h; name = "XNGAPIClient+Contacts.h"; path = "../XNGAPIClient/XNGAPIClient+Contacts.h"; sourceTree = "<group>"; };
		12A91D9E1783516A002C219E /* XNGAPIClient+Contacts.m */ = {isa = PBXFileReference; fileEncoding = 4; lastKnownFileType = sourcecode.c.objc; name = "XNGAPIClient+Contacts.m"; path = "../XNGAPIClient/XNGAPIClient+Contacts.m"; sourceTree = "<group>"; };
		12A91D9F1783516A002C219E /* XNGAPIClient+GeoLocations.h */ = {isa = PBXFileReference; fileEncoding = 4; lastKnownFileType = sourcecode.c.h; name = "XNGAPIClient+GeoLocations.h"; path = "../XNGAPIClient/XNGAPIClient+GeoLocations.h"; sourceTree = "<group>"; };
		12A91DA01783516A002C219E /* XNGAPIClient+GeoLocations.m */ = {isa = PBXFileReference; fileEncoding = 4; lastKnownFileType = sourcecode.c.objc; name = "XNGAPIClient+GeoLocations.m"; path = "../XNGAPIClient/XNGAPIClient+GeoLocations.m"; sourceTree = "<group>"; };
		12A91DA11783516A002C219E /* XNGAPIClient+Invitations.h */ = {isa = PBXFileReference; fileEncoding = 4; lastKnownFileType = sourcecode.c.h; name = "XNGAPIClient+Invitations.h"; path = "../XNGAPIClient/XNGAPIClient+Invitations.h"; sourceTree = "<group>"; };
		12A91DA21783516A002C219E /* XNGAPIClient+Invitations.m */ = {isa = PBXFileReference; fileEncoding = 4; lastKnownFileType = sourcecode.c.objc; name = "XNGAPIClient+Invitations.m"; path = "../XNGAPIClient/XNGAPIClient+Invitations.m"; sourceTree = "<group>"; };
		12A91DA31783516A002C219E /* XNGAPIClient+Jobs.h */ = {isa = PBXFileReference; fileEncoding = 4; lastKnownFileType = sourcecode.c.h; name = "XNGAPIClient+Jobs.h"; path = "../XNGAPIClient/XNGAPIClient+Jobs.h"; sourceTree = "<group>"; };
		12A91DA41783516A002C219E /* XNGAPIClient+Jobs.m */ = {isa = PBXFileReference; fileEncoding = 4; lastKnownFileType = sourcecode.c.objc; name = "XNGAPIClient+Jobs.m"; path = "../XNGAPIClient/XNGAPIClient+Jobs.m"; sourceTree = "<group>"; };
		12A91DA51783516A002C219E /* XNGAPIClient+Messages.h */ = {isa = PBXFileReference; fileEncoding = 4; lastKnownFileType = sourcecode.c.h; name = "XNGAPIClient+Messages.h"; path = "../XNGAPIClient/XNGAPIClient+Messages.h"; sourceTree = "<group>"; };
		12A91DA61783516A002C219E /* XNGAPIClient+Messages.m */ = {isa = PBXFileReference; fileEncoding = 4; lastKnownFileType = sourcecode.c.objc; name = "XNGAPIClient+Messages.m"; path = "../XNGAPIClient/XNGAPIClient+Messages.m"; sourceTree = "<group>"; };
		12A91DA71783516A002C219E /* XNGAPIClient+NetworkFeed.h */ = {isa = PBXFileReference; fileEncoding = 4; lastKnownFileType = sourcecode.c.h; name = "XNGAPIClient+NetworkFeed.h"; path = "../XNGAPIClient/XNGAPIClient+NetworkFeed.h"; sourceTree = "<group>"; };
		12A91DA81783516A002C219E /* XNGAPIClient+NetworkFeed.m */ = {isa = PBXFileReference; fileEncoding = 4; lastKnownFileType = sourcecode.c.objc; name = "XNGAPIClient+NetworkFeed.m"; path = "../XNGAPIClient/XNGAPIClient+NetworkFeed.m"; sourceTree = "<group>"; };
		12A91DA91783516A002C219E /* XNGAPIClient+ProfileVisits.h */ = {isa = PBXFileReference; fileEncoding = 4; lastKnownFileType = sourcecode.c.h; name = "XNGAPIClient+ProfileVisits.h"; path = "../XNGAPIClient/XNGAPIClient+ProfileVisits.h"; sourceTree = "<group>"; };
		12A91DAA1783516A002C219E /* XNGAPIClient+ProfileVisits.m */ = {isa = PBXFileReference; fileEncoding = 4; lastKnownFileType = sourcecode.c.objc; name = "XNGAPIClient+ProfileVisits.m"; path = "../XNGAPIClient/XNGAPIClient+ProfileVisits.m"; sourceTree = "<group>"; };
		12A91DAB1783516A002C219E /* XNGAPIClient+Recommendations.h */ = {isa = PBXFileReference; fileEncoding = 4; lastKnownFileType = sourcecode.c.h; name = "XNGAPIClient+Recommendations.h"; path = "../XNGAPIClient/XNGAPIClient+Recommendations.h"; sourceTree = "<group>"; };
		12A91DAC1783516A002C219E /* XNGAPIClient+Recommendations.m */ = {isa = PBXFileReference; fileEncoding = 4; lastKnownFileType = sourcecode.c.objc; name = "XNGAPIClient+Recommendations.m"; path = "../XNGAPIClient/XNGAPIClient+Recommendations.m"; sourceTree = "<group>"; };
		12A91DAD1783516A002C219E /* XNGAPIClient+UserProfiles.h */ = {isa = PBXFileReference; fileEncoding = 4; lastKnownFileType = sourcecode.c.h; name = "XNGAPIClient+UserProfiles.h"; path = "../XNGAPIClient/XNGAPIClient+UserProfiles.h"; sourceTree = "<group>"; };
		12A91DAE1783516A002C219E /* XNGAPIClient+UserProfiles.m */ = {isa = PBXFileReference; fileEncoding = 4; lastKnownFileType = sourcecode.c.objc; name = "XNGAPIClient+UserProfiles.m"; path = "../XNGAPIClient/XNGAPIClient+UserProfiles.m"; sourceTree = "<group>"; };
		12A91DB31783516A002C219E /* XNGJSONRequestOperation.h */ = {isa = PBXFileReference; fileEncoding = 4; lastKnownFileType = sourcecode.c.h; name = XNGJSONRequestOperation.h; path = ../XNGAPIClient/XNGJSONRequestOperation.h; sourceTree = "<group>"; };
		12A91DB41783516A002C219E /* XNGJSONRequestOperation.m */ = {isa = PBXFileReference; fileEncoding = 4; lastKnownFileType = sourcecode.c.objc; name = XNGJSONRequestOperation.m; path = ../XNGAPIClient/XNGJSONRequestOperation.m; sourceTree = "<group>"; };
		12A91DB51783516A002C219E /* XNGOAuthHandler.h */ = {isa = PBXFileReference; fileEncoding = 4; lastKnownFileType = sourcecode.c.h; name = XNGOAuthHandler.h; path = ../XNGAPIClient/XNGOAuthHandler.h; sourceTree = "<group>"; };
		12A91DB61783516A002C219E /* XNGOAuthHandler.m */ = {isa = PBXFileReference; fileEncoding = 4; lastKnownFileType = sourcecode.c.objc; name = XNGOAuthHandler.m; path = ../XNGAPIClient/XNGOAuthHandler.m; sourceTree = "<group>"; };
		12A91DC8178351D1002C219E /* AFHTTPClient.h */ = {isa = PBXFileReference; fileEncoding = 4; lastKnownFileType = sourcecode.c.h; path = AFHTTPClient.h; sourceTree = "<group>"; };
		12A91DC9178351D1002C219E /* AFHTTPClient.m */ = {isa = PBXFileReference; fileEncoding = 4; lastKnownFileType = sourcecode.c.objc; path = AFHTTPClient.m; sourceTree = "<group>"; };
		12A91DCA178351D1002C219E /* AFHTTPRequestOperation.h */ = {isa = PBXFileReference; fileEncoding = 4; lastKnownFileType = sourcecode.c.h; path = AFHTTPRequestOperation.h; sourceTree = "<group>"; };
		12A91DCB178351D1002C219E /* AFHTTPRequestOperation.m */ = {isa = PBXFileReference; fileEncoding = 4; lastKnownFileType = sourcecode.c.objc; path = AFHTTPRequestOperation.m; sourceTree = "<group>"; };
		12A91DCC178351D1002C219E /* AFImageRequestOperation.h */ = {isa = PBXFileReference; fileEncoding = 4; lastKnownFileType = sourcecode.c.h; path = AFImageRequestOperation.h; sourceTree = "<group>"; };
		12A91DCD178351D1002C219E /* AFImageRequestOperation.m */ = {isa = PBXFileReference; fileEncoding = 4; lastKnownFileType = sourcecode.c.objc; path = AFImageRequestOperation.m; sourceTree = "<group>"; };
		12A91DCE178351D1002C219E /* AFJSONRequestOperation.h */ = {isa = PBXFileReference; fileEncoding = 4; lastKnownFileType = sourcecode.c.h; path = AFJSONRequestOperation.h; sourceTree = "<group>"; };
		12A91DCF178351D1002C219E /* AFJSONRequestOperation.m */ = {isa = PBXFileReference; fileEncoding = 4; lastKnownFileType = sourcecode.c.objc; path = AFJSONRequestOperation.m; sourceTree = "<group>"; };
		12A91DD0178351D1002C219E /* AFNetworkActivityIndicatorManager.h */ = {isa = PBXFileReference; fileEncoding = 4; lastKnownFileType = sourcecode.c.h; path = AFNetworkActivityIndicatorManager.h; sourceTree = "<group>"; };
		12A91DD1178351D1002C219E /* AFNetworkActivityIndicatorManager.m */ = {isa = PBXFileReference; fileEncoding = 4; lastKnownFileType = sourcecode.c.objc; path = AFNetworkActivityIndicatorManager.m; sourceTree = "<group>"; };
		12A91DD2178351D1002C219E /* AFNetworking.h */ = {isa = PBXFileReference; fileEncoding = 4; lastKnownFileType = sourcecode.c.h; path = AFNetworking.h; sourceTree = "<group>"; };
		12A91DD3178351D1002C219E /* AFPropertyListRequestOperation.h */ = {isa = PBXFileReference; fileEncoding = 4; lastKnownFileType = sourcecode.c.h; path = AFPropertyListRequestOperation.h; sourceTree = "<group>"; };
		12A91DD4178351D1002C219E /* AFPropertyListRequestOperation.m */ = {isa = PBXFileReference; fileEncoding = 4; lastKnownFileType = sourcecode.c.objc; path = AFPropertyListRequestOperation.m; sourceTree = "<group>"; };
		12A91DD5178351D1002C219E /* AFURLConnectionOperation.h */ = {isa = PBXFileReference; fileEncoding = 4; lastKnownFileType = sourcecode.c.h; path = AFURLConnectionOperation.h; sourceTree = "<group>"; };
		12A91DD6178351D1002C219E /* AFURLConnectionOperation.m */ = {isa = PBXFileReference; fileEncoding = 4; lastKnownFileType = sourcecode.c.objc; path = AFURLConnectionOperation.m; sourceTree = "<group>"; };
		12A91DD7178351D1002C219E /* AFXMLRequestOperation.h */ = {isa = PBXFileReference; fileEncoding = 4; lastKnownFileType = sourcecode.c.h; path = AFXMLRequestOperation.h; sourceTree = "<group>"; };
		12A91DD8178351D1002C219E /* AFXMLRequestOperation.m */ = {isa = PBXFileReference; fileEncoding = 4; lastKnownFileType = sourcecode.c.objc; path = AFXMLRequestOperation.m; sourceTree = "<group>"; };
		12A91DD9178351D1002C219E /* UIImageView+AFNetworking.h */ = {isa = PBXFileReference; fileEncoding = 4; lastKnownFileType = sourcecode.c.h; path = "UIImageView+AFNetworking.h"; sourceTree = "<group>"; };
		12A91DDA178351D1002C219E /* UIImageView+AFNetworking.m */ = {isa = PBXFileReference; fileEncoding = 4; lastKnownFileType = sourcecode.c.objc; path = "UIImageView+AFNetworking.m"; sourceTree = "<group>"; };
		12A91DE517835CB7002C219E /* GTMHTTPFetcher.h */ = {isa = PBXFileReference; fileEncoding = 4; lastKnownFileType = sourcecode.c.h; path = GTMHTTPFetcher.h; sourceTree = "<group>"; };
		12A91DE617835CB7002C219E /* GTMHTTPFetcher.m */ = {isa = PBXFileReference; fileEncoding = 4; lastKnownFileType = sourcecode.c.objc; path = GTMHTTPFetcher.m; sourceTree = "<group>"; };
		12A91DE717835CB7002C219E /* GTMOAuthAuthentication.h */ = {isa = PBXFileReference; fileEncoding = 4; lastKnownFileType = sourcecode.c.h; path = GTMOAuthAuthentication.h; sourceTree = "<group>"; };
		12A91DE817835CB7002C219E /* GTMOAuthAuthentication.m */ = {isa = PBXFileReference; fileEncoding = 4; lastKnownFileType = sourcecode.c.objc; path = GTMOAuthAuthentication.m; sourceTree = "<group>"; };
		12A91DE917835CB7002C219E /* GTMOAuthSignIn.h */ = {isa = PBXFileReference; fileEncoding = 4; lastKnownFileType = sourcecode.c.h; path = GTMOAuthSignIn.h; sourceTree = "<group>"; };
		12A91DEA17835CB7002C219E /* GTMOAuthSignIn.m */ = {isa = PBXFileReference; fileEncoding = 4; lastKnownFileType = sourcecode.c.objc; path = GTMOAuthSignIn.m; sourceTree = "<group>"; };
		12A91DEB17835CB7002C219E /* GTMOAuthViewControllerTouch.h */ = {isa = PBXFileReference; fileEncoding = 4; lastKnownFileType = sourcecode.c.h; path = GTMOAuthViewControllerTouch.h; sourceTree = "<group>"; };
		12A91DEC17835CB7002C219E /* GTMOAuthViewControllerTouch.m */ = {isa = PBXFileReference; fileEncoding = 4; lastKnownFileType = sourcecode.c.objc; path = GTMOAuthViewControllerTouch.m; sourceTree = "<group>"; };
		12C5BE0C178362F800DD0C58 /* SFHFKeychainUtils.h */ = {isa = PBXFileReference; fileEncoding = 4; lastKnownFileType = sourcecode.c.h; path = SFHFKeychainUtils.h; sourceTree = "<group>"; };
		12C5BE0D178362F800DD0C58 /* SFHFKeychainUtils.m */ = {isa = PBXFileReference; fileEncoding = 4; lastKnownFileType = sourcecode.c.objc; path = SFHFKeychainUtils.m; sourceTree = "<group>"; };
		12C5BE1217840A0800DD0C58 /* NSError+XWS.h */ = {isa = PBXFileReference; fileEncoding = 4; lastKnownFileType = sourcecode.c.h; name = "NSError+XWS.h"; path = "../XNGAPIClient/NSError+XWS.h"; sourceTree = "<group>"; };
		12C5BE1317840A0800DD0C58 /* NSError+XWS.m */ = {isa = PBXFileReference; fileEncoding = 4; lastKnownFileType = sourcecode.c.objc; name = "NSError+XWS.m"; path = "../XNGAPIClient/NSError+XWS.m"; sourceTree = "<group>"; };
		12C5BE15178420FC00DD0C58 /* Security.framework */ = {isa = PBXFileReference; lastKnownFileType = wrapper.framework; name = Security.framework; path = System/Library/Frameworks/Security.framework; sourceTree = SDKROOT; };
		12C5BE1B1784216600DD0C58 /* SystemConfiguration.framework */ = {isa = PBXFileReference; lastKnownFileType = wrapper.framework; name = SystemConfiguration.framework; path = System/Library/Frameworks/SystemConfiguration.framework; sourceTree = SDKROOT; };
		12C5BE1F178423F200DD0C58 /* NSDictionary+Typecheck.h */ = {isa = PBXFileReference; fileEncoding = 4; lastKnownFileType = sourcecode.c.h; name = "NSDictionary+Typecheck.h"; path = "../XNGAPIClient/NSDictionary+Typecheck.h"; sourceTree = "<group>"; };
		12C5BE20178423F200DD0C58 /* NSDictionary+Typecheck.m */ = {isa = PBXFileReference; fileEncoding = 4; lastKnownFileType = sourcecode.c.objc; name = "NSDictionary+Typecheck.m"; path = "../XNGAPIClient/NSDictionary+Typecheck.m"; sourceTree = "<group>"; };
		12C5BE21178423F200DD0C58 /* NSString+URLEncoding.h */ = {isa = PBXFileReference; fileEncoding = 4; lastKnownFileType = sourcecode.c.h; name = "NSString+URLEncoding.h"; path = "../XNGAPIClient/NSString+URLEncoding.h"; sourceTree = "<group>"; };
		12C5BE22178423F200DD0C58 /* NSString+URLEncoding.m */ = {isa = PBXFileReference; fileEncoding = 4; lastKnownFileType = sourcecode.c.objc; name = "NSString+URLEncoding.m"; path = "../XNGAPIClient/NSString+URLEncoding.m"; sourceTree = "<group>"; };
		12C5BE25178472E600DD0C58 /* XNGExampleViewController.h */ = {isa = PBXFileReference; fileEncoding = 4; lastKnownFileType = sourcecode.c.h; path = XNGExampleViewController.h; sourceTree = "<group>"; };
		12C5BE26178472E600DD0C58 /* XNGExampleViewController.m */ = {isa = PBXFileReference; fileEncoding = 4; lastKnownFileType = sourcecode.c.objc; path = XNGExampleViewController.m; sourceTree = "<group>"; };
		8E0AAF7017FAF6A600020B93 /* MobileCoreServices.framework */ = {isa = PBXFileReference; lastKnownFileType = wrapper.framework; name = MobileCoreServices.framework; path = System/Library/Frameworks/MobileCoreServices.framework; sourceTree = SDKROOT; };
		DD162B6818088D9A00806605 /* AFOAuth1Client.h */ = {isa = PBXFileReference; fileEncoding = 4; lastKnownFileType = sourcecode.c.h; path = AFOAuth1Client.h; sourceTree = "<group>"; };
		DD162B6918088D9A00806605 /* AFOAuth1Client.m */ = {isa = PBXFileReference; fileEncoding = 4; lastKnownFileType = sourcecode.c.objc; path = AFOAuth1Client.m; sourceTree = "<group>"; };
/* End PBXFileReference section */

/* Begin PBXFrameworksBuildPhase section */
		123EDAED1783066E00B70CD4 /* Frameworks */ = {
			isa = PBXFrameworksBuildPhase;
			buildActionMask = 2147483647;
			files = (
				8E0AAF7117FAF6A600020B93 /* MobileCoreServices.framework in Frameworks */,
				12C5BE1C1784216600DD0C58 /* SystemConfiguration.framework in Frameworks */,
				12C5BE16178420FC00DD0C58 /* Security.framework in Frameworks */,
				123EDAF41783066E00B70CD4 /* UIKit.framework in Frameworks */,
				123EDAF61783066E00B70CD4 /* Foundation.framework in Frameworks */,
				123EDAF81783066E00B70CD4 /* CoreGraphics.framework in Frameworks */,
			);
			runOnlyForDeploymentPostprocessing = 0;
		};
/* End PBXFrameworksBuildPhase section */

/* Begin PBXGroup section */
		123EDAE71783066E00B70CD4 = {
			isa = PBXGroup;
			children = (
				12A91D961783514D002C219E /* XNGAPIClient */,
				123EDAF91783066E00B70CD4 /* XNGAPIClientExample */,
				123EDAF21783066E00B70CD4 /* Frameworks */,
				123EDAF11783066E00B70CD4 /* Products */,
			);
			sourceTree = "<group>";
		};
		123EDAF11783066E00B70CD4 /* Products */ = {
			isa = PBXGroup;
			children = (
				123EDAF01783066E00B70CD4 /* XNGAPIClientExample.app */,
			);
			name = Products;
			sourceTree = "<group>";
		};
		123EDAF21783066E00B70CD4 /* Frameworks */ = {
			isa = PBXGroup;
			children = (
				8E0AAF7017FAF6A600020B93 /* MobileCoreServices.framework */,
				12C5BE1B1784216600DD0C58 /* SystemConfiguration.framework */,
				12C5BE15178420FC00DD0C58 /* Security.framework */,
				123EDAF31783066E00B70CD4 /* UIKit.framework */,
				123EDAF51783066E00B70CD4 /* Foundation.framework */,
				123EDAF71783066E00B70CD4 /* CoreGraphics.framework */,
			);
			name = Frameworks;
			sourceTree = "<group>";
		};
		123EDAF91783066E00B70CD4 /* XNGAPIClientExample */ = {
			isa = PBXGroup;
			children = (
				12C5BE0B1783626F00DD0C58 /* SFHFKeychainUtils */,
				12A91DE417835C89002C219E /* GTMOauth */,
				DD162B6718088D8300806605 /* AFOAuth1Client */,
				12A91DC71783518B002C219E /* AFNetworking */,
				123EDB021783066E00B70CD4 /* XNGAppDelegate.h */,
				123EDB031783066E00B70CD4 /* XNGAppDelegate.m */,
				12C5BE25178472E600DD0C58 /* XNGExampleViewController.h */,
				12C5BE26178472E600DD0C58 /* XNGExampleViewController.m */,
				123EDAFA1783066E00B70CD4 /* Supporting Files */,
			);
			path = XNGAPIClientExample;
			sourceTree = "<group>";
		};
		123EDAFA1783066E00B70CD4 /* Supporting Files */ = {
			isa = PBXGroup;
			children = (
				123EDAFB1783066E00B70CD4 /* XNGAPIClientExample-Info.plist */,
				123EDAFC1783066E00B70CD4 /* InfoPlist.strings */,
				123EDAFF1783066E00B70CD4 /* main.m */,
				123EDB011783066E00B70CD4 /* XNGAPIClientExample-Prefix.pch */,
				123EDB051783066E00B70CD4 /* Default.png */,
				123EDB071783066E00B70CD4 /* Default@2x.png */,
				123EDB091783066E00B70CD4 /* Default-568h@2x.png */,
			);
			name = "Supporting Files";
			sourceTree = "<group>";
		};
		12A91D961783514D002C219E /* XNGAPIClient */ = {
			isa = PBXGroup;
			children = (
				12A91D971783516A002C219E /* XNGAPIClient.h */,
				12A91D981783516A002C219E /* XNGAPIClient.m */,
				12A91DAD1783516A002C219E /* XNGAPIClient+UserProfiles.h */,
				12A91DAE1783516A002C219E /* XNGAPIClient+UserProfiles.m */,
				12A91DA31783516A002C219E /* XNGAPIClient+Jobs.h */,
				12A91DA41783516A002C219E /* XNGAPIClient+Jobs.m */,
				12A91DA51783516A002C219E /* XNGAPIClient+Messages.h */,
				12A91DA61783516A002C219E /* XNGAPIClient+Messages.m */,
				12A91D9D1783516A002C219E /* XNGAPIClient+Contacts.h */,
				12A91D9E1783516A002C219E /* XNGAPIClient+Contacts.m */,
				12A91D9B1783516A002C219E /* XNGAPIClient+ContactRequests.h */,
				12A91D9C1783516A002C219E /* XNGAPIClient+ContactRequests.m */,
				12A91D991783516A002C219E /* XNGAPIClient+ContactPath.h */,
				12A91D9A1783516A002C219E /* XNGAPIClient+ContactPath.m */,
				12A91DA71783516A002C219E /* XNGAPIClient+NetworkFeed.h */,
				12A91DA81783516A002C219E /* XNGAPIClient+NetworkFeed.m */,
				12A91DA91783516A002C219E /* XNGAPIClient+ProfileVisits.h */,
				12A91DAA1783516A002C219E /* XNGAPIClient+ProfileVisits.m */,
				12A91DAB1783516A002C219E /* XNGAPIClient+Recommendations.h */,
				12A91DAC1783516A002C219E /* XNGAPIClient+Recommendations.m */,
				12A91DA11783516A002C219E /* XNGAPIClient+Invitations.h */,
				12A91DA21783516A002C219E /* XNGAPIClient+Invitations.m */,
				12A91D9F1783516A002C219E /* XNGAPIClient+GeoLocations.h */,
				12A91DA01783516A002C219E /* XNGAPIClient+GeoLocations.m */,
				12C5BE1D1784221F00DD0C58 /* Helper */,
			);
			name = XNGAPIClient;
			sourceTree = "<group>";
		};
		12A91DC71783518B002C219E /* AFNetworking */ = {
			isa = PBXGroup;
			children = (
				12A91DC8178351D1002C219E /* AFHTTPClient.h */,
				12A91DC9178351D1002C219E /* AFHTTPClient.m */,
				12A91DCA178351D1002C219E /* AFHTTPRequestOperation.h */,
				12A91DCB178351D1002C219E /* AFHTTPRequestOperation.m */,
				12A91DCC178351D1002C219E /* AFImageRequestOperation.h */,
				12A91DCD178351D1002C219E /* AFImageRequestOperation.m */,
				12A91DCE178351D1002C219E /* AFJSONRequestOperation.h */,
				12A91DCF178351D1002C219E /* AFJSONRequestOperation.m */,
				12A91DD0178351D1002C219E /* AFNetworkActivityIndicatorManager.h */,
				12A91DD1178351D1002C219E /* AFNetworkActivityIndicatorManager.m */,
				12A91DD2178351D1002C219E /* AFNetworking.h */,
				12A91DD3178351D1002C219E /* AFPropertyListRequestOperation.h */,
				12A91DD4178351D1002C219E /* AFPropertyListRequestOperation.m */,
				12A91DD5178351D1002C219E /* AFURLConnectionOperation.h */,
				12A91DD6178351D1002C219E /* AFURLConnectionOperation.m */,
				12A91DD7178351D1002C219E /* AFXMLRequestOperation.h */,
				12A91DD8178351D1002C219E /* AFXMLRequestOperation.m */,
				12A91DD9178351D1002C219E /* UIImageView+AFNetworking.h */,
				12A91DDA178351D1002C219E /* UIImageView+AFNetworking.m */,
			);
			name = AFNetworking;
			sourceTree = "<group>";
		};
		12A91DE417835C89002C219E /* GTMOauth */ = {
			isa = PBXGroup;
			children = (
				12A91DE517835CB7002C219E /* GTMHTTPFetcher.h */,
				12A91DE617835CB7002C219E /* GTMHTTPFetcher.m */,
				12A91DE717835CB7002C219E /* GTMOAuthAuthentication.h */,
				12A91DE817835CB7002C219E /* GTMOAuthAuthentication.m */,
				12A91DE917835CB7002C219E /* GTMOAuthSignIn.h */,
				12A91DEA17835CB7002C219E /* GTMOAuthSignIn.m */,
				12A91DEB17835CB7002C219E /* GTMOAuthViewControllerTouch.h */,
				12A91DEC17835CB7002C219E /* GTMOAuthViewControllerTouch.m */,
			);
			name = GTMOauth;
			sourceTree = "<group>";
		};
		12C5BE0B1783626F00DD0C58 /* SFHFKeychainUtils */ = {
			isa = PBXGroup;
			children = (
				12C5BE0C178362F800DD0C58 /* SFHFKeychainUtils.h */,
				12C5BE0D178362F800DD0C58 /* SFHFKeychainUtils.m */,
			);
			name = SFHFKeychainUtils;
			sourceTree = "<group>";
		};
		12C5BE1D1784221F00DD0C58 /* Helper */ = {
			isa = PBXGroup;
			children = (
				12C5BE1F178423F200DD0C58 /* NSDictionary+Typecheck.h */,
				12C5BE20178423F200DD0C58 /* NSDictionary+Typecheck.m */,
				12C5BE21178423F200DD0C58 /* NSString+URLEncoding.h */,
				12C5BE22178423F200DD0C58 /* NSString+URLEncoding.m */,
				12A91DB31783516A002C219E /* XNGJSONRequestOperation.h */,
				12A91DB41783516A002C219E /* XNGJSONRequestOperation.m */,
				12A91DB51783516A002C219E /* XNGOAuthHandler.h */,
				12A91DB61783516A002C219E /* XNGOAuthHandler.m */,
				12C5BE1217840A0800DD0C58 /* NSError+XWS.h */,
				12C5BE1317840A0800DD0C58 /* NSError+XWS.m */,
			);
			name = Helper;
			sourceTree = "<group>";
		};
		DD162B6718088D8300806605 /* AFOAuth1Client */ = {
			isa = PBXGroup;
			children = (
				DD162B6818088D9A00806605 /* AFOAuth1Client.h */,
				DD162B6918088D9A00806605 /* AFOAuth1Client.m */,
			);
			name = AFOAuth1Client;
			sourceTree = "<group>";
		};
/* End PBXGroup section */

/* Begin PBXNativeTarget section */
		123EDAEF1783066E00B70CD4 /* XNGAPIClientExample */ = {
			isa = PBXNativeTarget;
			buildConfigurationList = 123EDB0D1783066E00B70CD4 /* Build configuration list for PBXNativeTarget "XNGAPIClientExample" */;
			buildPhases = (
				123EDAEC1783066E00B70CD4 /* Sources */,
				123EDAED1783066E00B70CD4 /* Frameworks */,
				123EDAEE1783066E00B70CD4 /* Resources */,
			);
			buildRules = (
			);
			dependencies = (
			);
			name = XNGAPIClientExample;
			productName = XNGAPIClientExample;
			productReference = 123EDAF01783066E00B70CD4 /* XNGAPIClientExample.app */;
			productType = "com.apple.product-type.application";
		};
/* End PBXNativeTarget section */

/* Begin PBXProject section */
		123EDAE81783066E00B70CD4 /* Project object */ = {
			isa = PBXProject;
			attributes = {
				CLASSPREFIX = XNG;
				LastUpgradeCheck = 0460;
				ORGANIZATIONNAME = "XING AG";
			};
			buildConfigurationList = 123EDAEB1783066E00B70CD4 /* Build configuration list for PBXProject "XNGAPIClientExample" */;
			compatibilityVersion = "Xcode 3.2";
			developmentRegion = English;
			hasScannedForEncodings = 0;
			knownRegions = (
				en,
			);
			mainGroup = 123EDAE71783066E00B70CD4;
			productRefGroup = 123EDAF11783066E00B70CD4 /* Products */;
			projectDirPath = "";
			projectRoot = "";
			targets = (
				123EDAEF1783066E00B70CD4 /* XNGAPIClientExample */,
			);
		};
/* End PBXProject section */

/* Begin PBXResourcesBuildPhase section */
		123EDAEE1783066E00B70CD4 /* Resources */ = {
			isa = PBXResourcesBuildPhase;
			buildActionMask = 2147483647;
			files = (
				123EDAFE1783066E00B70CD4 /* InfoPlist.strings in Resources */,
				123EDB061783066E00B70CD4 /* Default.png in Resources */,
				123EDB081783066E00B70CD4 /* Default@2x.png in Resources */,
				123EDB0A1783066E00B70CD4 /* Default-568h@2x.png in Resources */,
			);
			runOnlyForDeploymentPostprocessing = 0;
		};
/* End PBXResourcesBuildPhase section */

/* Begin PBXSourcesBuildPhase section */
		123EDAEC1783066E00B70CD4 /* Sources */ = {
			isa = PBXSourcesBuildPhase;
			buildActionMask = 2147483647;
			files = (
				123EDB001783066E00B70CD4 /* main.m in Sources */,
				123EDB041783066E00B70CD4 /* XNGAppDelegate.m in Sources */,
				12A91DB71783516A002C219E /* XNGAPIClient.m in Sources */,
				12A91DB81783516A002C219E /* XNGAPIClient+ContactPath.m in Sources */,
				DD162B6A18088D9A00806605 /* AFOAuth1Client.m in Sources */,
				12A91DB91783516A002C219E /* XNGAPIClient+ContactRequests.m in Sources */,
				12A91DBA1783516A002C219E /* XNGAPIClient+Contacts.m in Sources */,
				12A91DBB1783516A002C219E /* XNGAPIClient+GeoLocations.m in Sources */,
				12A91DBC1783516A002C219E /* XNGAPIClient+Invitations.m in Sources */,
				12A91DBD1783516A002C219E /* XNGAPIClient+Jobs.m in Sources */,
				12A91DBE1783516A002C219E /* XNGAPIClient+Messages.m in Sources */,
				12A91DBF1783516A002C219E /* XNGAPIClient+NetworkFeed.m in Sources */,
				12A91DC01783516A002C219E /* XNGAPIClient+ProfileVisits.m in Sources */,
				12A91DC11783516A002C219E /* XNGAPIClient+Recommendations.m in Sources */,
				12A91DC21783516A002C219E /* XNGAPIClient+UserProfiles.m in Sources */,
				12A91DC51783516A002C219E /* XNGJSONRequestOperation.m in Sources */,
				12A91DC61783516A002C219E /* XNGOAuthHandler.m in Sources */,
				12A91DDB178351D1002C219E /* AFHTTPClient.m in Sources */,
				12A91DDC178351D1002C219E /* AFHTTPRequestOperation.m in Sources */,
				12A91DDD178351D1002C219E /* AFImageRequestOperation.m in Sources */,
				12A91DDE178351D1002C219E /* AFJSONRequestOperation.m in Sources */,
				12A91DDF178351D1002C219E /* AFNetworkActivityIndicatorManager.m in Sources */,
				12A91DE0178351D1002C219E /* AFPropertyListRequestOperation.m in Sources */,
				12A91DE1178351D1002C219E /* AFURLConnectionOperation.m in Sources */,
				12A91DE2178351D1002C219E /* AFXMLRequestOperation.m in Sources */,
				12A91DE3178351D1002C219E /* UIImageView+AFNetworking.m in Sources */,
				12A91DED17835CB7002C219E /* GTMHTTPFetcher.m in Sources */,
				12A91DEE17835CB7002C219E /* GTMOAuthAuthentication.m in Sources */,
				12A91DEF17835CB7002C219E /* GTMOAuthSignIn.m in Sources */,
				12A91DF017835CB7002C219E /* GTMOAuthViewControllerTouch.m in Sources */,
				12C5BE0E178362F800DD0C58 /* SFHFKeychainUtils.m in Sources */,
				12C5BE1417840A0800DD0C58 /* NSError+XWS.m in Sources */,
				12C5BE23178423F200DD0C58 /* NSDictionary+Typecheck.m in Sources */,
				12C5BE24178423F200DD0C58 /* NSString+URLEncoding.m in Sources */,
				12C5BE27178472E600DD0C58 /* XNGExampleViewController.m in Sources */,
			);
			runOnlyForDeploymentPostprocessing = 0;
		};
/* End PBXSourcesBuildPhase section */

/* Begin PBXVariantGroup section */
		123EDAFC1783066E00B70CD4 /* InfoPlist.strings */ = {
			isa = PBXVariantGroup;
			children = (
				123EDAFD1783066E00B70CD4 /* en */,
			);
			name = InfoPlist.strings;
			sourceTree = "<group>";
		};
/* End PBXVariantGroup section */

/* Begin XCBuildConfiguration section */
		123EDB0B1783066E00B70CD4 /* Debug */ = {
			isa = XCBuildConfiguration;
			buildSettings = {
				ALWAYS_SEARCH_USER_PATHS = NO;
				CLANG_CXX_LANGUAGE_STANDARD = "gnu++0x";
				CLANG_CXX_LIBRARY = "libc++";
				CLANG_ENABLE_OBJC_ARC = YES;
				CLANG_WARN_CONSTANT_CONVERSION = YES;
				CLANG_WARN_EMPTY_BODY = YES;
				CLANG_WARN_ENUM_CONVERSION = YES;
				CLANG_WARN_INT_CONVERSION = YES;
				CLANG_WARN__DUPLICATE_METHOD_MATCH = YES;
				"CODE_SIGN_IDENTITY[sdk=iphoneos*]" = "iPhone Developer";
				COPY_PHASE_STRIP = NO;
				GCC_C_LANGUAGE_STANDARD = gnu99;
				GCC_DYNAMIC_NO_PIC = NO;
				GCC_OPTIMIZATION_LEVEL = 0;
				GCC_PREPROCESSOR_DEFINITIONS = (
					"DEBUG=1",
					"$(inherited)",
				);
				GCC_SYMBOLS_PRIVATE_EXTERN = NO;
				GCC_WARN_ABOUT_RETURN_TYPE = YES;
				GCC_WARN_UNINITIALIZED_AUTOS = YES;
				GCC_WARN_UNUSED_VARIABLE = YES;
				IPHONEOS_DEPLOYMENT_TARGET = 6.1;
				ONLY_ACTIVE_ARCH = YES;
				SDKROOT = iphoneos;
				TARGETED_DEVICE_FAMILY = "1,2";
			};
			name = Debug;
		};
		123EDB0C1783066E00B70CD4 /* Release */ = {
			isa = XCBuildConfiguration;
			buildSettings = {
				ALWAYS_SEARCH_USER_PATHS = NO;
				CLANG_CXX_LANGUAGE_STANDARD = "gnu++0x";
				CLANG_CXX_LIBRARY = "libc++";
				CLANG_ENABLE_OBJC_ARC = YES;
				CLANG_WARN_CONSTANT_CONVERSION = YES;
				CLANG_WARN_EMPTY_BODY = YES;
				CLANG_WARN_ENUM_CONVERSION = YES;
				CLANG_WARN_INT_CONVERSION = YES;
				CLANG_WARN__DUPLICATE_METHOD_MATCH = YES;
				"CODE_SIGN_IDENTITY[sdk=iphoneos*]" = "iPhone Developer";
				COPY_PHASE_STRIP = YES;
				GCC_C_LANGUAGE_STANDARD = gnu99;
				GCC_WARN_ABOUT_RETURN_TYPE = YES;
				GCC_WARN_UNINITIALIZED_AUTOS = YES;
				GCC_WARN_UNUSED_VARIABLE = YES;
				IPHONEOS_DEPLOYMENT_TARGET = 6.1;
				OTHER_CFLAGS = "-DNS_BLOCK_ASSERTIONS=1";
				SDKROOT = iphoneos;
				TARGETED_DEVICE_FAMILY = "1,2";
				VALIDATE_PRODUCT = YES;
			};
			name = Release;
		};
		123EDB0E1783066E00B70CD4 /* Debug */ = {
			isa = XCBuildConfiguration;
			buildSettings = {
				GCC_PRECOMPILE_PREFIX_HEADER = YES;
				GCC_PREFIX_HEADER = "XNGAPIClientExample/XNGAPIClientExample-Prefix.pch";
				INFOPLIST_FILE = "XNGAPIClientExample/XNGAPIClientExample-Info.plist";
				PRODUCT_NAME = "$(TARGET_NAME)";
				WRAPPER_EXTENSION = app;
			};
			name = Debug;
		};
		123EDB0F1783066E00B70CD4 /* Release */ = {
			isa = XCBuildConfiguration;
			buildSettings = {
				GCC_PRECOMPILE_PREFIX_HEADER = YES;
				GCC_PREFIX_HEADER = "XNGAPIClientExample/XNGAPIClientExample-Prefix.pch";
				INFOPLIST_FILE = "XNGAPIClientExample/XNGAPIClientExample-Info.plist";
				PRODUCT_NAME = "$(TARGET_NAME)";
				WRAPPER_EXTENSION = app;
			};
			name = Release;
		};
/* End XCBuildConfiguration section */

/* Begin XCConfigurationList section */
		123EDAEB1783066E00B70CD4 /* Build configuration list for PBXProject "XNGAPIClientExample" */ = {
			isa = XCConfigurationList;
			buildConfigurations = (
				123EDB0B1783066E00B70CD4 /* Debug */,
				123EDB0C1783066E00B70CD4 /* Release */,
			);
			defaultConfigurationIsVisible = 0;
			defaultConfigurationName = Release;
		};
		123EDB0D1783066E00B70CD4 /* Build configuration list for PBXNativeTarget "XNGAPIClientExample" */ = {
			isa = XCConfigurationList;
			buildConfigurations = (
				123EDB0E1783066E00B70CD4 /* Debug */,
				123EDB0F1783066E00B70CD4 /* Release */,
			);
			defaultConfigurationIsVisible = 0;
			defaultConfigurationName = Release;
		};
/* End XCConfigurationList section */
	};
	rootObject = 123EDAE81783066E00B70CD4 /* Project object */;
}
